{
  "version": 4,
  "terraform_version": "1.6.6",
  "serial": 121,
  "lineage": "d54c5f66-3c14-f333-9150-e2367104ee68",
  "outputs": {
    "api_gateway_invoke_url": {
      "value": "https://8pm5j6aiuc.execute-api.us-east-1.amazonaws.com",
      "type": "string"
    },
    "api_gateway_url": {
      "value": "arn:aws:execute-api:us-east-1:339712933874:8pm5j6aiuc",
      "type": "string"
    },
    "dynamodb_tables": {
      "value": {
        "properties": "properties",
        "user_filter_matches": "user_filter_matches",
        "user_filters": "user_filters",
        "users": "users"
      },
      "type": [
        "object",
        {
          "properties": "string",
          "user_filter_matches": "string",
          "user_filters": "string",
          "users": "string"
        }
      ]
    },
    "sns_topic_arn": {
      "value": "arn:aws:sns:us-east-1:339712933874:house-notifications",
      "type": "string"
    }
  },
  "resources": [
    {
      "mode": "managed",
      "type": "aws_api_gateway_deployment",
      "name": "house_finder_deployment",
      "provider": "provider[\"registry.terraform.io/hashicorp/aws\"]",
      "instances": [
        {
          "schema_version": 0,
          "attributes": {
            "canary_settings": [],
            "created_date": "2025-09-06T05:11:50Z",
            "description": "",
            "execution_arn": "arn:aws:execute-api:us-east-1:339712933874:8pm5j6aiuc/prod",
            "id": "lx24io",
            "invoke_url": "https://8pm5j6aiuc.execute-api.us-east-1.amazonaws.com/prod",
            "rest_api_id": "8pm5j6aiuc",
            "stage_description": null,
            "stage_name": "prod",
            "triggers": {
              "redeployment": "eef9da3281b2299cf905f58c28bf879b16f5f625"
            },
            "variables": null
          },
          "sensitive_attributes": [],
          "private": "bnVsbA==",
          "dependencies": [
            "aws_api_gateway_integration.filter_history_get",
            "aws_api_gateway_integration.filters_delete",
            "aws_api_gateway_integration.filters_get",
            "aws_api_gateway_integration.filters_parse_post",
            "aws_api_gateway_integration.filters_post",
            "aws_api_gateway_integration.matches_get",
            "aws_api_gateway_method.filter_history_get",
            "aws_api_gateway_method.filters_delete",
            "aws_api_gateway_method.filters_get",
            "aws_api_gateway_method.filters_parse_post",
            "aws_api_gateway_method.filters_post",
            "aws_api_gateway_method.matches_get",
            "aws_api_gateway_resource.filter_by_id",
            "aws_api_gateway_resource.filter_history",
            "aws_api_gateway_resource.filter_matches",
            "aws_api_gateway_resource.filters",
            "aws_api_gateway_resource.filters_parse",
            "aws_api_gateway_resource.v1",
            "aws_api_gateway_rest_api.house_finder_api",
            "aws_dynamodb_table.properties",
            "aws_dynamodb_table.user_filter_matches",
            "aws_dynamodb_table.user_filters",
            "aws_iam_role.lambda_role",
            "aws_lambda_function.delete_filter",
            "aws_lambda_function.get_filters",
            "aws_lambda_function.get_history",
            "aws_lambda_function.get_matches",
            "aws_lambda_function.parse_natural_filter",
            "aws_lambda_function.register_filter",
            "aws_s3_bucket.temp_audio_bucket",
            "random_string.bucket_suffix"
          ],
          "create_before_destroy": true
        }
      ]
    },
    {
      "mode": "managed",
      "type": "aws_api_gateway_integration",
      "name": "filter_history_get",
      "provider": "provider[\"registry.terraform.io/hashicorp/aws\"]",
      "instances": [
        {
          "schema_version": 0,
          "attributes": {
            "cache_key_parameters": [],
            "cache_namespace": "ody3v0",
            "connection_id": "",
            "connection_type": "INTERNET",
            "content_handling": "",
            "credentials": "",
            "http_method": "GET",
            "id": "agi-8pm5j6aiuc-ody3v0-GET",
            "integration_http_method": "POST",
            "passthrough_behavior": "WHEN_NO_MATCH",
            "request_parameters": {},
            "request_templates": {},
            "resource_id": "ody3v0",
            "rest_api_id": "8pm5j6aiuc",
            "timeout_milliseconds": 29000,
            "tls_config": [],
            "type": "AWS_PROXY",
            "uri": "arn:aws:apigateway:us-east-1:lambda:path/2015-03-31/functions/arn:aws:lambda:us-east-1:339712933874:function:house-finder-get-history/invocations"
          },
          "sensitive_attributes": [],
          "private": "bnVsbA==",
          "dependencies": [
            "aws_api_gateway_method.filter_history_get",
            "aws_api_gateway_resource.filter_by_id",
            "aws_api_gateway_resource.filter_history",
            "aws_api_gateway_resource.filters",
            "aws_api_gateway_resource.v1",
            "aws_api_gateway_rest_api.house_finder_api",
            "aws_dynamodb_table.properties",
            "aws_dynamodb_table.user_filters",
            "aws_iam_role.lambda_role",
            "aws_lambda_function.get_history"
          ],
          "create_before_destroy": true
        }
      ]
    },
    {
      "mode": "managed",
      "type": "aws_api_gateway_integration",
      "name": "filters_delete",
      "provider": "provider[\"registry.terraform.io/hashicorp/aws\"]",
      "instances": [
        {
          "schema_version": 0,
          "attributes": {
            "cache_key_parameters": [],
            "cache_namespace": "q1v5dw",
            "connection_id": "",
            "connection_type": "INTERNET",
            "content_handling": "",
            "credentials": "",
            "http_method": "DELETE",
            "id": "agi-8pm5j6aiuc-q1v5dw-DELETE",
            "integration_http_method": "POST",
            "passthrough_behavior": "WHEN_NO_MATCH",
            "request_parameters": {},
            "request_templates": {},
            "resource_id": "q1v5dw",
            "rest_api_id": "8pm5j6aiuc",
            "timeout_milliseconds": 29000,
            "tls_config": [],
            "type": "AWS_PROXY",
            "uri": "arn:aws:apigateway:us-east-1:lambda:path/2015-03-31/functions/arn:aws:lambda:us-east-1:339712933874:function:house-finder-delete-filter/invocations"
          },
          "sensitive_attributes": [],
          "private": "bnVsbA==",
          "dependencies": [
            "aws_api_gateway_method.filters_delete",
            "aws_api_gateway_resource.filter_by_id",
            "aws_api_gateway_resource.filters",
            "aws_api_gateway_resource.v1",
            "aws_api_gateway_rest_api.house_finder_api",
            "aws_dynamodb_table.user_filters",
            "aws_iam_role.lambda_role",
            "aws_lambda_function.delete_filter"
          ],
          "create_before_destroy": true
        }
      ]
    },
    {
      "mode": "managed",
      "type": "aws_api_gateway_integration",
      "name": "filters_get",
      "provider": "provider[\"registry.terraform.io/hashicorp/aws\"]",
      "instances": [
        {
          "schema_version": 0,
          "attributes": {
            "cache_key_parameters": [],
            "cache_namespace": "zh6rtt",
            "connection_id": "",
            "connection_type": "INTERNET",
            "content_handling": "",
            "credentials": "",
            "http_method": "GET",
            "id": "agi-8pm5j6aiuc-zh6rtt-GET",
            "integration_http_method": "POST",
            "passthrough_behavior": "WHEN_NO_MATCH",
            "request_parameters": {},
            "request_templates": {},
            "resource_id": "zh6rtt",
            "rest_api_id": "8pm5j6aiuc",
            "timeout_milliseconds": 29000,
            "tls_config": [],
            "type": "AWS_PROXY",
            "uri": "arn:aws:apigateway:us-east-1:lambda:path/2015-03-31/functions/arn:aws:lambda:us-east-1:339712933874:function:house-finder-get-filters/invocations"
          },
          "sensitive_attributes": [],
          "private": "bnVsbA==",
          "dependencies": [
            "aws_api_gateway_method.filters_get",
            "aws_api_gateway_resource.filters",
            "aws_api_gateway_resource.v1",
            "aws_api_gateway_rest_api.house_finder_api",
            "aws_dynamodb_table.user_filters",
            "aws_iam_role.lambda_role",
            "aws_lambda_function.get_filters"
          ],
          "create_before_destroy": true
        }
      ]
    },
    {
      "mode": "managed",
      "type": "aws_api_gateway_integration",
      "name": "filters_options",
      "provider": "provider[\"registry.terraform.io/hashicorp/aws\"]",
      "instances": [
        {
          "schema_version": 0,
          "attributes": {
            "cache_key_parameters": [],
            "cache_namespace": "zh6rtt",
            "connection_id": "",
            "connection_type": "INTERNET",
            "content_handling": "",
            "credentials": "",
            "http_method": "OPTIONS",
            "id": "agi-8pm5j6aiuc-zh6rtt-OPTIONS",
            "integration_http_method": "",
            "passthrough_behavior": "WHEN_NO_MATCH",
            "request_parameters": {},
            "request_templates": {
              "application/json": "{\"statusCode\": 200}"
            },
            "resource_id": "zh6rtt",
            "rest_api_id": "8pm5j6aiuc",
            "timeout_milliseconds": 29000,
            "tls_config": [],
            "type": "MOCK",
            "uri": ""
          },
          "sensitive_attributes": [],
          "private": "bnVsbA==",
          "dependencies": [
            "aws_api_gateway_method.filters_options",
            "aws_api_gateway_resource.filters",
            "aws_api_gateway_resource.v1",
            "aws_api_gateway_rest_api.house_finder_api"
          ]
        }
      ]
    },
    {
      "mode": "managed",
      "type": "aws_api_gateway_integration",
      "name": "filters_parse_post",
      "provider": "provider[\"registry.terraform.io/hashicorp/aws\"]",
      "instances": [
        {
          "schema_version": 0,
          "attributes": {
            "cache_key_parameters": [],
            "cache_namespace": "yaubc4",
            "connection_id": "",
            "connection_type": "INTERNET",
            "content_handling": "",
            "credentials": "",
            "http_method": "POST",
            "id": "agi-8pm5j6aiuc-yaubc4-POST",
            "integration_http_method": "POST",
            "passthrough_behavior": "WHEN_NO_MATCH",
            "request_parameters": {},
            "request_templates": {},
            "resource_id": "yaubc4",
            "rest_api_id": "8pm5j6aiuc",
            "timeout_milliseconds": 29000,
            "tls_config": [],
            "type": "AWS_PROXY",
            "uri": "arn:aws:apigateway:us-east-1:lambda:path/2015-03-31/functions/arn:aws:lambda:us-east-1:339712933874:function:house-finder-parse-natural-filter/invocations"
          },
          "sensitive_attributes": [],
          "private": "bnVsbA==",
          "dependencies": [
            "aws_api_gateway_method.filters_parse_post",
            "aws_api_gateway_resource.filters",
            "aws_api_gateway_resource.filters_parse",
            "aws_api_gateway_resource.v1",
            "aws_api_gateway_rest_api.house_finder_api",
            "aws_iam_role.lambda_role",
            "aws_lambda_function.parse_natural_filter",
            "aws_s3_bucket.temp_audio_bucket",
            "random_string.bucket_suffix"
          ],
          "create_before_destroy": true
        }
      ]
    },
    {
      "mode": "managed",
      "type": "aws_api_gateway_integration",
      "name": "filters_post",
      "provider": "provider[\"registry.terraform.io/hashicorp/aws\"]",
      "instances": [
        {
          "schema_version": 0,
          "attributes": {
            "cache_key_parameters": [],
            "cache_namespace": "zh6rtt",
            "connection_id": "",
            "connection_type": "INTERNET",
            "content_handling": "",
            "credentials": "",
            "http_method": "POST",
            "id": "agi-8pm5j6aiuc-zh6rtt-POST",
            "integration_http_method": "POST",
            "passthrough_behavior": "WHEN_NO_MATCH",
            "request_parameters": {},
            "request_templates": {},
            "resource_id": "zh6rtt",
            "rest_api_id": "8pm5j6aiuc",
            "timeout_milliseconds": 29000,
            "tls_config": [],
            "type": "AWS_PROXY",
            "uri": "arn:aws:apigateway:us-east-1:lambda:path/2015-03-31/functions/arn:aws:lambda:us-east-1:339712933874:function:house-finder-register-filter/invocations"
          },
          "sensitive_attributes": [],
          "private": "bnVsbA==",
          "dependencies": [
            "aws_api_gateway_method.filters_post",
            "aws_api_gateway_resource.filters",
            "aws_api_gateway_resource.v1",
            "aws_api_gateway_rest_api.house_finder_api",
            "aws_dynamodb_table.user_filters",
            "aws_iam_role.lambda_role",
            "aws_lambda_function.register_filter"
          ],
          "create_before_destroy": true
        }
      ]
    },
    {
      "mode": "managed",
      "type": "aws_api_gateway_integration",
      "name": "history_get",
      "provider": "provider[\"registry.terraform.io/hashicorp/aws\"]",
      "instances": [
        {
          "schema_version": 0,
          "attributes": {
            "cache_key_parameters": [],
            "cache_namespace": "sakgvb",
            "connection_id": "",
            "connection_type": "INTERNET",
            "content_handling": "",
            "credentials": "",
            "http_method": "GET",
            "id": "agi-8pm5j6aiuc-sakgvb-GET",
            "integration_http_method": "POST",
            "passthrough_behavior": "WHEN_NO_MATCH",
            "request_parameters": {},
            "request_templates": {},
            "resource_id": "sakgvb",
            "rest_api_id": "8pm5j6aiuc",
            "timeout_milliseconds": 29000,
            "tls_config": [],
            "type": "AWS_PROXY",
            "uri": "arn:aws:apigateway:us-east-1:lambda:path/2015-03-31/functions/arn:aws:lambda:us-east-1:339712933874:function:house-finder-get-history/invocations"
          },
          "sensitive_attributes": [],
          "private": "bnVsbA==",
          "dependencies": [
            "aws_api_gateway_method.history_get",
            "aws_api_gateway_resource.history",
            "aws_api_gateway_resource.history_by_filter",
            "aws_api_gateway_resource.v1",
            "aws_api_gateway_rest_api.house_finder_api",
            "aws_dynamodb_table.properties",
            "aws_dynamodb_table.user_filters",
            "aws_iam_role.lambda_role",
            "aws_lambda_function.get_history"
          ]
        }
      ]
    },
    {
      "mode": "managed",
      "type": "aws_api_gateway_integration",
      "name": "matches_get",
      "provider": "provider[\"registry.terraform.io/hashicorp/aws\"]",
      "instances": [
        {
          "schema_version": 0,
          "attributes": {
            "cache_key_parameters": [],
            "cache_namespace": "zdv14h",
            "connection_id": "",
            "connection_type": "INTERNET",
            "content_handling": "",
            "credentials": "",
            "http_method": "GET",
            "id": "agi-8pm5j6aiuc-zdv14h-GET",
            "integration_http_method": "POST",
            "passthrough_behavior": "WHEN_NO_MATCH",
            "request_parameters": {},
            "request_templates": {},
            "resource_id": "zdv14h",
            "rest_api_id": "8pm5j6aiuc",
            "timeout_milliseconds": 29000,
            "tls_config": [],
            "type": "AWS_PROXY",
            "uri": "arn:aws:apigateway:us-east-1:lambda:path/2015-03-31/functions/arn:aws:lambda:us-east-1:339712933874:function:house-finder-get-matches/invocations"
          },
          "sensitive_attributes": [],
          "private": "bnVsbA==",
          "dependencies": [
            "aws_api_gateway_method.matches_get",
            "aws_api_gateway_resource.filter_by_id",
            "aws_api_gateway_resource.filter_matches",
            "aws_api_gateway_resource.filters",
            "aws_api_gateway_resource.v1",
            "aws_api_gateway_rest_api.house_finder_api",
            "aws_dynamodb_table.properties",
            "aws_dynamodb_table.user_filter_matches",
            "aws_dynamodb_table.user_filters",
            "aws_iam_role.lambda_role",
            "aws_lambda_function.get_matches"
          ],
          "create_before_destroy": true
        }
      ]
    },
    {
      "mode": "managed",
      "type": "aws_api_gateway_integration_response",
      "name": "filters_options",
      "provider": "provider[\"registry.terraform.io/hashicorp/aws\"]",
      "instances": [
        {
          "schema_version": 0,
          "attributes": {
            "content_handling": "",
            "http_method": "OPTIONS",
            "id": "agir-8pm5j6aiuc-zh6rtt-OPTIONS-200",
            "resource_id": "zh6rtt",
            "response_parameters": {
              "method.response.header.Access-Control-Allow-Headers": "'Content-Type,X-Amz-Date,Authorization,X-Api-Key,X-Amz-Security-Token,X-User-Id'",
              "method.response.header.Access-Control-Allow-Methods": "'GET,POST,DELETE,OPTIONS'",
              "method.response.header.Access-Control-Allow-Origin": "'*'"
            },
            "response_templates": {},
            "rest_api_id": "8pm5j6aiuc",
            "selection_pattern": "",
            "status_code": "200"
          },
          "sensitive_attributes": [],
          "private": "bnVsbA==",
          "dependencies": [
            "aws_api_gateway_method.filters_options",
            "aws_api_gateway_method_response.filters_options",
            "aws_api_gateway_resource.filters",
            "aws_api_gateway_resource.v1",
            "aws_api_gateway_rest_api.house_finder_api"
          ]
        }
      ]
    },
    {
      "mode": "managed",
      "type": "aws_api_gateway_method",
      "name": "filter_history_get",
      "provider": "provider[\"registry.terraform.io/hashicorp/aws\"]",
      "instances": [
        {
          "schema_version": 0,
          "attributes": {
            "api_key_required": false,
            "authorization": "NONE",
            "authorization_scopes": [],
            "authorizer_id": "",
            "http_method": "GET",
            "id": "agm-8pm5j6aiuc-ody3v0-GET",
            "operation_name": "",
            "request_models": {},
            "request_parameters": {},
            "request_validator_id": "",
            "resource_id": "ody3v0",
            "rest_api_id": "8pm5j6aiuc"
          },
          "sensitive_attributes": [],
          "private": "bnVsbA==",
          "dependencies": [
            "aws_api_gateway_resource.filter_by_id",
            "aws_api_gateway_resource.filter_history",
            "aws_api_gateway_resource.filters",
            "aws_api_gateway_resource.v1",
            "aws_api_gateway_rest_api.house_finder_api"
          ],
          "create_before_destroy": true
        }
      ]
    },
    {
      "mode": "managed",
      "type": "aws_api_gateway_method",
      "name": "filters_delete",
      "provider": "provider[\"registry.terraform.io/hashicorp/aws\"]",
      "instances": [
        {
          "schema_version": 0,
          "attributes": {
            "api_key_required": false,
            "authorization": "NONE",
            "authorization_scopes": [],
            "authorizer_id": "",
            "http_method": "DELETE",
            "id": "agm-8pm5j6aiuc-q1v5dw-DELETE",
            "operation_name": "",
            "request_models": {},
            "request_parameters": {},
            "request_validator_id": "",
            "resource_id": "q1v5dw",
            "rest_api_id": "8pm5j6aiuc"
          },
          "sensitive_attributes": [],
          "private": "bnVsbA==",
          "dependencies": [
            "aws_api_gateway_resource.filter_by_id",
            "aws_api_gateway_resource.filters",
            "aws_api_gateway_resource.v1",
            "aws_api_gateway_rest_api.house_finder_api"
          ],
          "create_before_destroy": true
        }
      ]
    },
    {
      "mode": "managed",
      "type": "aws_api_gateway_method",
      "name": "filters_get",
      "provider": "provider[\"registry.terraform.io/hashicorp/aws\"]",
      "instances": [
        {
          "schema_version": 0,
          "attributes": {
            "api_key_required": false,
            "authorization": "NONE",
            "authorization_scopes": [],
            "authorizer_id": "",
            "http_method": "GET",
            "id": "agm-8pm5j6aiuc-zh6rtt-GET",
            "operation_name": "",
            "request_models": {},
            "request_parameters": {},
            "request_validator_id": "",
            "resource_id": "zh6rtt",
            "rest_api_id": "8pm5j6aiuc"
          },
          "sensitive_attributes": [],
          "private": "bnVsbA==",
          "dependencies": [
            "aws_api_gateway_resource.filters",
            "aws_api_gateway_resource.v1",
            "aws_api_gateway_rest_api.house_finder_api"
          ],
          "create_before_destroy": true
        }
      ]
    },
    {
      "mode": "managed",
      "type": "aws_api_gateway_method",
      "name": "filters_options",
      "provider": "provider[\"registry.terraform.io/hashicorp/aws\"]",
      "instances": [
        {
          "schema_version": 0,
          "attributes": {
            "api_key_required": false,
            "authorization": "NONE",
            "authorization_scopes": [],
            "authorizer_id": "",
            "http_method": "OPTIONS",
            "id": "agm-8pm5j6aiuc-zh6rtt-OPTIONS",
            "operation_name": "",
            "request_models": {},
            "request_parameters": {},
            "request_validator_id": "",
            "resource_id": "zh6rtt",
            "rest_api_id": "8pm5j6aiuc"
          },
          "sensitive_attributes": [],
          "private": "bnVsbA==",
          "dependencies": [
            "aws_api_gateway_resource.filters",
            "aws_api_gateway_resource.v1",
            "aws_api_gateway_rest_api.house_finder_api"
          ]
        }
      ]
    },
    {
      "mode": "managed",
      "type": "aws_api_gateway_method",
      "name": "filters_parse_post",
      "provider": "provider[\"registry.terraform.io/hashicorp/aws\"]",
      "instances": [
        {
          "schema_version": 0,
          "attributes": {
            "api_key_required": false,
            "authorization": "NONE",
            "authorization_scopes": [],
            "authorizer_id": "",
            "http_method": "POST",
            "id": "agm-8pm5j6aiuc-yaubc4-POST",
            "operation_name": "",
            "request_models": {},
            "request_parameters": {},
            "request_validator_id": "",
            "resource_id": "yaubc4",
            "rest_api_id": "8pm5j6aiuc"
          },
          "sensitive_attributes": [],
          "private": "bnVsbA==",
          "dependencies": [
            "aws_api_gateway_resource.filters",
            "aws_api_gateway_resource.filters_parse",
            "aws_api_gateway_resource.v1",
            "aws_api_gateway_rest_api.house_finder_api"
          ],
          "create_before_destroy": true
        }
      ]
    },
    {
      "mode": "managed",
      "type": "aws_api_gateway_method",
      "name": "filters_post",
      "provider": "provider[\"registry.terraform.io/hashicorp/aws\"]",
      "instances": [
        {
          "schema_version": 0,
          "attributes": {
            "api_key_required": false,
            "authorization": "NONE",
            "authorization_scopes": [],
            "authorizer_id": "",
            "http_method": "POST",
            "id": "agm-8pm5j6aiuc-zh6rtt-POST",
            "operation_name": "",
            "request_models": {},
            "request_parameters": {},
            "request_validator_id": "",
            "resource_id": "zh6rtt",
            "rest_api_id": "8pm5j6aiuc"
          },
          "sensitive_attributes": [],
          "private": "bnVsbA==",
          "dependencies": [
            "aws_api_gateway_resource.filters",
            "aws_api_gateway_resource.v1",
            "aws_api_gateway_rest_api.house_finder_api"
          ],
          "create_before_destroy": true
        }
      ]
    },
    {
      "mode": "managed",
      "type": "aws_api_gateway_method",
      "name": "history_get",
      "provider": "provider[\"registry.terraform.io/hashicorp/aws\"]",
      "instances": [
        {
          "schema_version": 0,
          "attributes": {
            "api_key_required": false,
            "authorization": "NONE",
            "authorization_scopes": [],
            "authorizer_id": "",
            "http_method": "GET",
            "id": "agm-8pm5j6aiuc-sakgvb-GET",
            "operation_name": "",
            "request_models": {},
            "request_parameters": {},
            "request_validator_id": "",
            "resource_id": "sakgvb",
            "rest_api_id": "8pm5j6aiuc"
          },
          "sensitive_attributes": [],
          "private": "bnVsbA==",
          "dependencies": [
            "aws_api_gateway_resource.history",
            "aws_api_gateway_resource.history_by_filter",
            "aws_api_gateway_resource.v1",
            "aws_api_gateway_rest_api.house_finder_api"
          ]
        }
      ]
    },
    {
      "mode": "managed",
      "type": "aws_api_gateway_method",
      "name": "matches_get",
      "provider": "provider[\"registry.terraform.io/hashicorp/aws\"]",
      "instances": [
        {
          "schema_version": 0,
          "attributes": {
            "api_key_required": false,
            "authorization": "NONE",
            "authorization_scopes": [],
            "authorizer_id": "",
            "http_method": "GET",
            "id": "agm-8pm5j6aiuc-zdv14h-GET",
            "operation_name": "",
            "request_models": {},
            "request_parameters": {},
            "request_validator_id": "",
            "resource_id": "zdv14h",
            "rest_api_id": "8pm5j6aiuc"
          },
          "sensitive_attributes": [],
          "private": "bnVsbA==",
          "dependencies": [
            "aws_api_gateway_resource.filter_by_id",
            "aws_api_gateway_resource.filter_matches",
            "aws_api_gateway_resource.filters",
            "aws_api_gateway_resource.v1",
            "aws_api_gateway_rest_api.house_finder_api"
          ],
          "create_before_destroy": true
        }
      ]
    },
    {
      "mode": "managed",
      "type": "aws_api_gateway_method_response",
      "name": "filters_options",
      "provider": "provider[\"registry.terraform.io/hashicorp/aws\"]",
      "instances": [
        {
          "schema_version": 0,
          "attributes": {
            "http_method": "OPTIONS",
            "id": "agmr-8pm5j6aiuc-zh6rtt-OPTIONS-200",
            "resource_id": "zh6rtt",
            "response_models": {},
            "response_parameters": {
              "method.response.header.Access-Control-Allow-Headers": true,
              "method.response.header.Access-Control-Allow-Methods": true,
              "method.response.header.Access-Control-Allow-Origin": true
            },
            "rest_api_id": "8pm5j6aiuc",
            "status_code": "200"
          },
          "sensitive_attributes": [],
          "private": "bnVsbA==",
          "dependencies": [
            "aws_api_gateway_method.filters_options",
            "aws_api_gateway_resource.filters",
            "aws_api_gateway_resource.v1",
            "aws_api_gateway_rest_api.house_finder_api"
          ]
        }
      ]
    },
    {
      "mode": "managed",
      "type": "aws_api_gateway_resource",
      "name": "filter_by_id",
      "provider": "provider[\"registry.terraform.io/hashicorp/aws\"]",
      "instances": [
        {
          "schema_version": 0,
          "attributes": {
            "id": "q1v5dw",
            "parent_id": "zh6rtt",
            "path": "/v1/filters/{filterId}",
            "path_part": "{filterId}",
            "rest_api_id": "8pm5j6aiuc"
          },
          "sensitive_attributes": [],
          "private": "bnVsbA==",
          "dependencies": [
            "aws_api_gateway_resource.filters",
            "aws_api_gateway_resource.v1",
            "aws_api_gateway_rest_api.house_finder_api"
          ],
          "create_before_destroy": true
        }
      ]
    },
    {
      "mode": "managed",
      "type": "aws_api_gateway_resource",
      "name": "filter_history",
      "provider": "provider[\"registry.terraform.io/hashicorp/aws\"]",
      "instances": [
        {
          "schema_version": 0,
          "attributes": {
            "id": "ody3v0",
            "parent_id": "q1v5dw",
            "path": "/v1/filters/{filterId}/history",
            "path_part": "history",
            "rest_api_id": "8pm5j6aiuc"
          },
          "sensitive_attributes": [],
          "private": "bnVsbA==",
          "dependencies": [
            "aws_api_gateway_resource.filter_by_id",
            "aws_api_gateway_resource.filters",
            "aws_api_gateway_resource.v1",
            "aws_api_gateway_rest_api.house_finder_api"
          ],
          "create_before_destroy": true
        }
      ]
    },
    {
      "mode": "managed",
      "type": "aws_api_gateway_resource",
      "name": "filter_matches",
      "provider": "provider[\"registry.terraform.io/hashicorp/aws\"]",
      "instances": [
        {
          "schema_version": 0,
          "attributes": {
            "id": "zdv14h",
            "parent_id": "q1v5dw",
            "path": "/v1/filters/{filterId}/matches",
            "path_part": "matches",
            "rest_api_id": "8pm5j6aiuc"
          },
          "sensitive_attributes": [],
          "private": "bnVsbA==",
          "dependencies": [
            "aws_api_gateway_resource.filter_by_id",
            "aws_api_gateway_resource.filters",
            "aws_api_gateway_resource.v1",
            "aws_api_gateway_rest_api.house_finder_api"
          ],
          "create_before_destroy": true
        }
      ]
    },
    {
      "mode": "managed",
      "type": "aws_api_gateway_resource",
      "name": "filters",
      "provider": "provider[\"registry.terraform.io/hashicorp/aws\"]",
      "instances": [
        {
          "schema_version": 0,
          "attributes": {
            "id": "zh6rtt",
            "parent_id": "407yvi",
            "path": "/v1/filters",
            "path_part": "filters",
            "rest_api_id": "8pm5j6aiuc"
          },
          "sensitive_attributes": [],
          "private": "bnVsbA==",
          "dependencies": [
            "aws_api_gateway_resource.v1",
            "aws_api_gateway_rest_api.house_finder_api"
          ],
          "create_before_destroy": true
        }
      ]
    },
    {
      "mode": "managed",
      "type": "aws_api_gateway_resource",
      "name": "filters_parse",
      "provider": "provider[\"registry.terraform.io/hashicorp/aws\"]",
      "instances": [
        {
          "schema_version": 0,
          "attributes": {
            "id": "yaubc4",
            "parent_id": "zh6rtt",
            "path": "/v1/filters/parse",
            "path_part": "parse",
            "rest_api_id": "8pm5j6aiuc"
          },
          "sensitive_attributes": [],
          "private": "bnVsbA==",
          "dependencies": [
            "aws_api_gateway_resource.filters",
            "aws_api_gateway_resource.v1",
            "aws_api_gateway_rest_api.house_finder_api"
          ],
          "create_before_destroy": true
        }
      ]
    },
    {
      "mode": "managed",
      "type": "aws_api_gateway_resource",
      "name": "history",
      "provider": "provider[\"registry.terraform.io/hashicorp/aws\"]",
      "instances": [
        {
          "schema_version": 0,
          "attributes": {
            "id": "ccjg2x",
            "parent_id": "407yvi",
            "path": "/v1/history",
            "path_part": "history",
            "rest_api_id": "8pm5j6aiuc"
          },
          "sensitive_attributes": [],
          "private": "bnVsbA==",
          "dependencies": [
            "aws_api_gateway_resource.v1",
            "aws_api_gateway_rest_api.house_finder_api"
          ]
        }
      ]
    },
    {
      "mode": "managed",
      "type": "aws_api_gateway_resource",
      "name": "history_by_filter",
      "provider": "provider[\"registry.terraform.io/hashicorp/aws\"]",
      "instances": [
        {
          "schema_version": 0,
          "attributes": {
            "id": "sakgvb",
            "parent_id": "ccjg2x",
            "path": "/v1/history/{filterId}",
            "path_part": "{filterId}",
            "rest_api_id": "8pm5j6aiuc"
          },
          "sensitive_attributes": [],
          "private": "bnVsbA==",
          "dependencies": [
            "aws_api_gateway_resource.history",
            "aws_api_gateway_resource.v1",
            "aws_api_gateway_rest_api.house_finder_api"
          ]
        }
      ]
    },
    {
      "mode": "managed",
      "type": "aws_api_gateway_resource",
      "name": "v1",
      "provider": "provider[\"registry.terraform.io/hashicorp/aws\"]",
      "instances": [
        {
          "schema_version": 0,
          "attributes": {
            "id": "407yvi",
            "parent_id": "jd1ck0wcgc",
            "path": "/v1",
            "path_part": "v1",
            "rest_api_id": "8pm5j6aiuc"
          },
          "sensitive_attributes": [],
          "private": "bnVsbA==",
          "dependencies": [
            "aws_api_gateway_rest_api.house_finder_api"
          ],
          "create_before_destroy": true
        }
      ]
    },
    {
      "mode": "managed",
      "type": "aws_api_gateway_rest_api",
      "name": "house_finder_api",
      "provider": "provider[\"registry.terraform.io/hashicorp/aws\"]",
      "instances": [
        {
          "schema_version": 0,
          "attributes": {
            "api_key_source": "HEADER",
            "arn": "arn:aws:apigateway:us-east-1::/restapis/8pm5j6aiuc",
            "binary_media_types": [],
            "body": null,
            "created_date": "2025-09-05T16:24:16Z",
            "description": "소심하지만 집은 구하고 싶어 API",
            "disable_execute_api_endpoint": false,
            "endpoint_configuration": [
              {
                "ip_address_type": "ipv4",
                "types": [
                  "REGIONAL"
                ],
                "vpc_endpoint_ids": []
              }
            ],
            "execution_arn": "arn:aws:execute-api:us-east-1:339712933874:8pm5j6aiuc",
            "fail_on_warnings": null,
            "id": "8pm5j6aiuc",
            "minimum_compression_size": "",
            "name": "house-finder-api",
            "parameters": null,
            "policy": "",
            "put_rest_api_mode": null,
            "root_resource_id": "jd1ck0wcgc",
            "tags": {},
            "tags_all": {}
          },
          "sensitive_attributes": [],
          "private": "bnVsbA==",
          "create_before_destroy": true
        }
      ]
    },
    {
      "mode": "managed",
      "type": "aws_cloudwatch_dashboard",
      "name": "house_finder_dashboard",
      "provider": "provider[\"registry.terraform.io/hashicorp/aws\"]",
      "instances": [
        {
          "schema_version": 0,
          "attributes": {
            "dashboard_arn": "arn:aws:cloudwatch::339712933874:dashboard/house-finder-dashboard",
            "dashboard_body": "{\"widgets\":[{\"height\":6,\"properties\":{\"metrics\":[[\"AWS/Lambda\",\"Duration\",\"FunctionName\",\"house-finder-crawl-zigbang\"],[\".\",\"Errors\",\".\",\".\"],[\".\",\"Invocations\",\".\",\".\"],[\"AWS/Lambda\",\"Duration\",\"FunctionName\",\"house-finder-match-properties\"],[\".\",\"Errors\",\".\",\".\"],[\".\",\"Invocations\",\".\",\".\"],[\"AWS/Lambda\",\"Duration\",\"FunctionName\",\"house-finder-send-notifications\"],[\".\",\"Errors\",\".\",\".\"],[\".\",\"Invocations\",\".\",\".\"]],\"period\":300,\"region\":\"us-east-1\",\"stacked\":false,\"title\":\"Lambda Functions Performance\",\"view\":\"timeSeries\"},\"type\":\"metric\",\"width\":12,\"x\":0,\"y\":0},{\"height\":6,\"properties\":{\"metrics\":[[\"AWS/DynamoDB\",\"ConsumedReadCapacityUnits\",\"TableName\",\"user_filters\"],[\".\",\"ConsumedWriteCapacityUnits\",\".\",\".\"],[\".\",\"ConsumedReadCapacityUnits\",\"TableName\",\"properties\"],[\".\",\"ConsumedWriteCapacityUnits\",\".\",\".\"],[\".\",\"ConsumedReadCapacityUnits\",\"TableName\",\"user_filter_matches\"],[\".\",\"ConsumedWriteCapacityUnits\",\".\",\".\"]],\"period\":300,\"region\":\"us-east-1\",\"stacked\":false,\"title\":\"DynamoDB Usage\",\"view\":\"timeSeries\"},\"type\":\"metric\",\"width\":12,\"x\":0,\"y\":6}]}",
            "dashboard_name": "house-finder-dashboard",
            "id": "house-finder-dashboard"
          },
          "sensitive_attributes": [],
          "private": "bnVsbA=="
        }
      ]
    },
    {
      "mode": "managed",
      "type": "aws_cloudwatch_event_rule",
      "name": "crawling_schedule",
      "provider": "provider[\"registry.terraform.io/hashicorp/aws\"]",
      "instances": [
        {
          "schema_version": 1,
          "attributes": {
            "arn": "arn:aws:events:us-east-1:339712933874:rule/house-finder-crawling",
            "description": "Trigger crawling every 1 minute",
            "event_bus_name": "default",
            "event_pattern": null,
            "force_destroy": false,
            "id": "house-finder-crawling",
            "is_enabled": true,
            "name": "house-finder-crawling",
            "name_prefix": "",
            "role_arn": "",
            "schedule_expression": "rate(1 minute)",
            "state": "ENABLED",
            "tags": {},
            "tags_all": {}
          },
          "sensitive_attributes": [],
          "private": "eyJzY2hlbWFfdmVyc2lvbiI6IjEifQ=="
        }
      ]
    },
    {
      "mode": "managed",
      "type": "aws_cloudwatch_event_target",
      "name": "crawling_target",
      "provider": "provider[\"registry.terraform.io/hashicorp/aws\"]",
      "instances": [
        {
          "schema_version": 1,
          "attributes": {
            "appsync_target": [],
            "arn": "arn:aws:lambda:us-east-1:339712933874:function:house-finder-crawl-zigbang",
            "batch_target": [],
            "dead_letter_config": [],
            "ecs_target": [],
            "event_bus_name": "default",
            "force_destroy": false,
            "http_target": [],
            "id": "house-finder-crawling-CrawlingLambdaTarget",
            "input": "",
            "input_path": "",
            "input_transformer": [],
            "kinesis_target": [],
            "redshift_target": [],
            "retry_policy": [],
            "role_arn": "",
            "rule": "house-finder-crawling",
            "run_command_targets": [],
            "sagemaker_pipeline_target": [],
            "sqs_target": [],
            "target_id": "CrawlingLambdaTarget"
          },
          "sensitive_attributes": [],
          "private": "eyJzY2hlbWFfdmVyc2lvbiI6IjEifQ==",
          "dependencies": [
            "aws_cloudwatch_event_rule.crawling_schedule",
            "aws_dynamodb_table.properties",
            "aws_iam_role.lambda_role",
            "aws_lambda_function.crawl_zigbang"
          ]
        }
      ]
    },
    {
      "mode": "managed",
      "type": "aws_cloudwatch_event_target",
      "name": "matching_target",
      "provider": "provider[\"registry.terraform.io/hashicorp/aws\"]",
      "instances": [
        {
          "schema_version": 1,
          "attributes": {
            "appsync_target": [],
            "arn": "arn:aws:lambda:us-east-1:339712933874:function:house-finder-match-properties",
            "batch_target": [],
            "dead_letter_config": [],
            "ecs_target": [],
            "event_bus_name": "default",
            "force_destroy": false,
            "http_target": [],
            "id": "house-finder-crawling-MatchingLambdaTarget",
            "input": "",
            "input_path": "",
            "input_transformer": [],
            "kinesis_target": [],
            "redshift_target": [],
            "retry_policy": [],
            "role_arn": "",
            "rule": "house-finder-crawling",
            "run_command_targets": [],
            "sagemaker_pipeline_target": [],
            "sqs_target": [],
            "target_id": "MatchingLambdaTarget"
          },
          "sensitive_attributes": [],
          "private": "eyJzY2hlbWFfdmVyc2lvbiI6IjEifQ==",
          "dependencies": [
            "aws_cloudwatch_event_rule.crawling_schedule",
            "aws_dynamodb_table.properties",
            "aws_dynamodb_table.user_filter_matches",
            "aws_dynamodb_table.user_filters",
            "aws_iam_role.lambda_role",
            "aws_lambda_function.match_properties",
            "aws_sns_topic.house_notifications"
          ]
        }
      ]
    },
    {
      "mode": "managed",
      "type": "aws_cloudwatch_event_target",
      "name": "notification_target",
      "provider": "provider[\"registry.terraform.io/hashicorp/aws\"]",
      "instances": [
        {
          "schema_version": 1,
          "attributes": {
            "appsync_target": [],
            "arn": "arn:aws:lambda:us-east-1:339712933874:function:house-finder-send-notifications",
            "batch_target": [],
            "dead_letter_config": [],
            "ecs_target": [],
            "event_bus_name": "default",
            "force_destroy": false,
            "http_target": [],
            "id": "house-finder-crawling-NotificationLambdaTarget",
            "input": "",
            "input_path": "",
            "input_transformer": [],
            "kinesis_target": [],
            "redshift_target": [],
            "retry_policy": [],
            "role_arn": "",
            "rule": "house-finder-crawling",
            "run_command_targets": [],
            "sagemaker_pipeline_target": [],
            "sqs_target": [],
            "target_id": "NotificationLambdaTarget"
          },
          "sensitive_attributes": [],
          "private": "eyJzY2hlbWFfdmVyc2lvbiI6IjEifQ==",
          "dependencies": [
            "aws_cloudwatch_event_rule.crawling_schedule",
            "aws_dynamodb_table.user_filter_matches",
            "aws_dynamodb_table.user_filters",
            "aws_iam_role.lambda_role",
            "aws_lambda_function.send_notifications",
            "aws_sns_topic.house_notifications"
          ]
        }
      ]
    },
    {
      "mode": "managed",
      "type": "aws_cloudwatch_metric_alarm",
      "name": "api_gateway_4xx_errors",
      "provider": "provider[\"registry.terraform.io/hashicorp/aws\"]",
      "instances": [
        {
          "schema_version": 1,
          "attributes": {
            "actions_enabled": true,
            "alarm_actions": [
              "arn:aws:sns:us-east-1:339712933874:house-notifications"
            ],
            "alarm_description": "This metric monitors API Gateway 4XX errors",
            "alarm_name": "api-gateway-4xx-errors",
            "arn": "arn:aws:cloudwatch:us-east-1:339712933874:alarm:api-gateway-4xx-errors",
            "comparison_operator": "GreaterThanThreshold",
            "datapoints_to_alarm": 0,
            "dimensions": {
              "ApiName": "house-finder-api"
            },
            "evaluate_low_sample_count_percentiles": "",
            "evaluation_periods": 2,
            "extended_statistic": "",
            "id": "api-gateway-4xx-errors",
            "insufficient_data_actions": [],
            "metric_name": "4XXError",
            "metric_query": [],
            "namespace": "AWS/ApiGateway",
            "ok_actions": [],
            "period": 300,
            "statistic": "Sum",
            "tags": {},
            "tags_all": {},
            "threshold": 10,
            "threshold_metric_id": "",
            "treat_missing_data": "missing",
            "unit": ""
          },
          "sensitive_attributes": [],
          "private": "eyJzY2hlbWFfdmVyc2lvbiI6IjEifQ==",
          "dependencies": [
            "aws_api_gateway_rest_api.house_finder_api",
            "aws_sns_topic.house_notifications"
          ]
        }
      ]
    },
    {
      "mode": "managed",
      "type": "aws_cloudwatch_metric_alarm",
      "name": "api_gateway_5xx_errors",
      "provider": "provider[\"registry.terraform.io/hashicorp/aws\"]",
      "instances": [
        {
          "schema_version": 1,
          "attributes": {
            "actions_enabled": true,
            "alarm_actions": [
              "arn:aws:sns:us-east-1:339712933874:house-notifications"
            ],
            "alarm_description": "This metric monitors API Gateway 5XX errors",
            "alarm_name": "api-gateway-5xx-errors",
            "arn": "arn:aws:cloudwatch:us-east-1:339712933874:alarm:api-gateway-5xx-errors",
            "comparison_operator": "GreaterThanThreshold",
            "datapoints_to_alarm": 0,
            "dimensions": {
              "ApiName": "house-finder-api"
            },
            "evaluate_low_sample_count_percentiles": "",
            "evaluation_periods": 1,
            "extended_statistic": "",
            "id": "api-gateway-5xx-errors",
            "insufficient_data_actions": [],
            "metric_name": "5XXError",
            "metric_query": [],
            "namespace": "AWS/ApiGateway",
            "ok_actions": [],
            "period": 300,
            "statistic": "Sum",
            "tags": {},
            "tags_all": {},
            "threshold": 1,
            "threshold_metric_id": "",
            "treat_missing_data": "missing",
            "unit": ""
          },
          "sensitive_attributes": [],
          "private": "eyJzY2hlbWFfdmVyc2lvbiI6IjEifQ==",
          "dependencies": [
            "aws_api_gateway_rest_api.house_finder_api",
            "aws_sns_topic.house_notifications"
          ]
        }
      ]
    },
    {
      "mode": "managed",
      "type": "aws_cloudwatch_metric_alarm",
      "name": "lambda_duration",
      "provider": "provider[\"registry.terraform.io/hashicorp/aws\"]",
      "instances": [
        {
          "index_key": "crawl",
          "schema_version": 1,
          "attributes": {
            "actions_enabled": true,
            "alarm_actions": [
              "arn:aws:sns:us-east-1:339712933874:house-notifications"
            ],
            "alarm_description": "This metric monitors house-finder-crawl-zigbang duration",
            "alarm_name": "house-finder-crawl-zigbang-duration",
            "arn": "arn:aws:cloudwatch:us-east-1:339712933874:alarm:house-finder-crawl-zigbang-duration",
            "comparison_operator": "GreaterThanThreshold",
            "datapoints_to_alarm": 0,
            "dimensions": {
              "FunctionName": "house-finder-crawl-zigbang"
            },
            "evaluate_low_sample_count_percentiles": "",
            "evaluation_periods": 2,
            "extended_statistic": "",
            "id": "house-finder-crawl-zigbang-duration",
            "insufficient_data_actions": [],
            "metric_name": "Duration",
            "metric_query": [],
            "namespace": "AWS/Lambda",
            "ok_actions": [],
            "period": 300,
            "statistic": "Average",
            "tags": {},
            "tags_all": {},
            "threshold": 30000,
            "threshold_metric_id": "",
            "treat_missing_data": "missing",
            "unit": ""
          },
          "sensitive_attributes": [],
          "private": "eyJzY2hlbWFfdmVyc2lvbiI6IjEifQ==",
          "dependencies": [
            "aws_sns_topic.house_notifications"
          ]
        },
        {
          "index_key": "match",
          "schema_version": 1,
          "attributes": {
            "actions_enabled": true,
            "alarm_actions": [
              "arn:aws:sns:us-east-1:339712933874:house-notifications"
            ],
            "alarm_description": "This metric monitors house-finder-match-properties duration",
            "alarm_name": "house-finder-match-properties-duration",
            "arn": "arn:aws:cloudwatch:us-east-1:339712933874:alarm:house-finder-match-properties-duration",
            "comparison_operator": "GreaterThanThreshold",
            "datapoints_to_alarm": 0,
            "dimensions": {
              "FunctionName": "house-finder-match-properties"
            },
            "evaluate_low_sample_count_percentiles": "",
            "evaluation_periods": 2,
            "extended_statistic": "",
            "id": "house-finder-match-properties-duration",
            "insufficient_data_actions": [],
            "metric_name": "Duration",
            "metric_query": [],
            "namespace": "AWS/Lambda",
            "ok_actions": [],
            "period": 300,
            "statistic": "Average",
            "tags": {},
            "tags_all": {},
            "threshold": 30000,
            "threshold_metric_id": "",
            "treat_missing_data": "missing",
            "unit": ""
          },
          "sensitive_attributes": [],
          "private": "eyJzY2hlbWFfdmVyc2lvbiI6IjEifQ==",
          "dependencies": [
            "aws_sns_topic.house_notifications"
          ]
        },
        {
          "index_key": "notify",
          "schema_version": 1,
          "attributes": {
            "actions_enabled": true,
            "alarm_actions": [
              "arn:aws:sns:us-east-1:339712933874:house-notifications"
            ],
            "alarm_description": "This metric monitors house-finder-send-notifications duration",
            "alarm_name": "house-finder-send-notifications-duration",
            "arn": "arn:aws:cloudwatch:us-east-1:339712933874:alarm:house-finder-send-notifications-duration",
            "comparison_operator": "GreaterThanThreshold",
            "datapoints_to_alarm": 0,
            "dimensions": {
              "FunctionName": "house-finder-send-notifications"
            },
            "evaluate_low_sample_count_percentiles": "",
            "evaluation_periods": 2,
            "extended_statistic": "",
            "id": "house-finder-send-notifications-duration",
            "insufficient_data_actions": [],
            "metric_name": "Duration",
            "metric_query": [],
            "namespace": "AWS/Lambda",
            "ok_actions": [],
            "period": 300,
            "statistic": "Average",
            "tags": {},
            "tags_all": {},
            "threshold": 30000,
            "threshold_metric_id": "",
            "treat_missing_data": "missing",
            "unit": ""
          },
          "sensitive_attributes": [],
          "private": "eyJzY2hlbWFfdmVyc2lvbiI6IjEifQ==",
          "dependencies": [
            "aws_sns_topic.house_notifications"
          ]
        }
      ]
    },
    {
      "mode": "managed",
      "type": "aws_cloudwatch_metric_alarm",
      "name": "lambda_error_rate",
      "provider": "provider[\"registry.terraform.io/hashicorp/aws\"]",
      "instances": [
        {
          "index_key": "crawl",
          "schema_version": 1,
          "attributes": {
            "actions_enabled": true,
            "alarm_actions": [
              "arn:aws:sns:us-east-1:339712933874:house-notifications"
            ],
            "alarm_description": "This metric monitors house-finder-crawl-zigbang error rate",
            "alarm_name": "house-finder-crawl-zigbang-error-rate",
            "arn": "arn:aws:cloudwatch:us-east-1:339712933874:alarm:house-finder-crawl-zigbang-error-rate",
            "comparison_operator": "GreaterThanThreshold",
            "datapoints_to_alarm": 0,
            "dimensions": {
              "FunctionName": "house-finder-crawl-zigbang"
            },
            "evaluate_low_sample_count_percentiles": "",
            "evaluation_periods": 2,
            "extended_statistic": "",
            "id": "house-finder-crawl-zigbang-error-rate",
            "insufficient_data_actions": [],
            "metric_name": "Errors",
            "metric_query": [],
            "namespace": "AWS/Lambda",
            "ok_actions": [],
            "period": 300,
            "statistic": "Sum",
            "tags": {},
            "tags_all": {},
            "threshold": 5,
            "threshold_metric_id": "",
            "treat_missing_data": "missing",
            "unit": ""
          },
          "sensitive_attributes": [],
          "private": "eyJzY2hlbWFfdmVyc2lvbiI6IjEifQ==",
          "dependencies": [
            "aws_sns_topic.house_notifications"
          ]
        },
        {
          "index_key": "get_filters",
          "schema_version": 1,
          "attributes": {
            "actions_enabled": true,
            "alarm_actions": [
              "arn:aws:sns:us-east-1:339712933874:house-notifications"
            ],
            "alarm_description": "This metric monitors house-finder-get-filters error rate",
            "alarm_name": "house-finder-get-filters-error-rate",
            "arn": "arn:aws:cloudwatch:us-east-1:339712933874:alarm:house-finder-get-filters-error-rate",
            "comparison_operator": "GreaterThanThreshold",
            "datapoints_to_alarm": 0,
            "dimensions": {
              "FunctionName": "house-finder-get-filters"
            },
            "evaluate_low_sample_count_percentiles": "",
            "evaluation_periods": 2,
            "extended_statistic": "",
            "id": "house-finder-get-filters-error-rate",
            "insufficient_data_actions": [],
            "metric_name": "Errors",
            "metric_query": [],
            "namespace": "AWS/Lambda",
            "ok_actions": [],
            "period": 300,
            "statistic": "Sum",
            "tags": {},
            "tags_all": {},
            "threshold": 5,
            "threshold_metric_id": "",
            "treat_missing_data": "missing",
            "unit": ""
          },
          "sensitive_attributes": [],
          "private": "eyJzY2hlbWFfdmVyc2lvbiI6IjEifQ==",
          "dependencies": [
            "aws_sns_topic.house_notifications"
          ]
        },
        {
          "index_key": "match",
          "schema_version": 1,
          "attributes": {
            "actions_enabled": true,
            "alarm_actions": [
              "arn:aws:sns:us-east-1:339712933874:house-notifications"
            ],
            "alarm_description": "This metric monitors house-finder-match-properties error rate",
            "alarm_name": "house-finder-match-properties-error-rate",
            "arn": "arn:aws:cloudwatch:us-east-1:339712933874:alarm:house-finder-match-properties-error-rate",
            "comparison_operator": "GreaterThanThreshold",
            "datapoints_to_alarm": 0,
            "dimensions": {
              "FunctionName": "house-finder-match-properties"
            },
            "evaluate_low_sample_count_percentiles": "",
            "evaluation_periods": 2,
            "extended_statistic": "",
            "id": "house-finder-match-properties-error-rate",
            "insufficient_data_actions": [],
            "metric_name": "Errors",
            "metric_query": [],
            "namespace": "AWS/Lambda",
            "ok_actions": [],
            "period": 300,
            "statistic": "Sum",
            "tags": {},
            "tags_all": {},
            "threshold": 5,
            "threshold_metric_id": "",
            "treat_missing_data": "missing",
            "unit": ""
          },
          "sensitive_attributes": [],
          "private": "eyJzY2hlbWFfdmVyc2lvbiI6IjEifQ==",
          "dependencies": [
            "aws_sns_topic.house_notifications"
          ]
        },
        {
          "index_key": "notify",
          "schema_version": 1,
          "attributes": {
            "actions_enabled": true,
            "alarm_actions": [
              "arn:aws:sns:us-east-1:339712933874:house-notifications"
            ],
            "alarm_description": "This metric monitors house-finder-send-notifications error rate",
            "alarm_name": "house-finder-send-notifications-error-rate",
            "arn": "arn:aws:cloudwatch:us-east-1:339712933874:alarm:house-finder-send-notifications-error-rate",
            "comparison_operator": "GreaterThanThreshold",
            "datapoints_to_alarm": 0,
            "dimensions": {
              "FunctionName": "house-finder-send-notifications"
            },
            "evaluate_low_sample_count_percentiles": "",
            "evaluation_periods": 2,
            "extended_statistic": "",
            "id": "house-finder-send-notifications-error-rate",
            "insufficient_data_actions": [],
            "metric_name": "Errors",
            "metric_query": [],
            "namespace": "AWS/Lambda",
            "ok_actions": [],
            "period": 300,
            "statistic": "Sum",
            "tags": {},
            "tags_all": {},
            "threshold": 5,
            "threshold_metric_id": "",
            "treat_missing_data": "missing",
            "unit": ""
          },
          "sensitive_attributes": [],
          "private": "eyJzY2hlbWFfdmVyc2lvbiI6IjEifQ==",
          "dependencies": [
            "aws_sns_topic.house_notifications"
          ]
        },
        {
          "index_key": "register",
          "schema_version": 1,
          "attributes": {
            "actions_enabled": true,
            "alarm_actions": [
              "arn:aws:sns:us-east-1:339712933874:house-notifications"
            ],
            "alarm_description": "This metric monitors house-finder-register-filter error rate",
            "alarm_name": "house-finder-register-filter-error-rate",
            "arn": "arn:aws:cloudwatch:us-east-1:339712933874:alarm:house-finder-register-filter-error-rate",
            "comparison_operator": "GreaterThanThreshold",
            "datapoints_to_alarm": 0,
            "dimensions": {
              "FunctionName": "house-finder-register-filter"
            },
            "evaluate_low_sample_count_percentiles": "",
            "evaluation_periods": 2,
            "extended_statistic": "",
            "id": "house-finder-register-filter-error-rate",
            "insufficient_data_actions": [],
            "metric_name": "Errors",
            "metric_query": [],
            "namespace": "AWS/Lambda",
            "ok_actions": [],
            "period": 300,
            "statistic": "Sum",
            "tags": {},
            "tags_all": {},
            "threshold": 5,
            "threshold_metric_id": "",
            "treat_missing_data": "missing",
            "unit": ""
          },
          "sensitive_attributes": [],
          "private": "eyJzY2hlbWFfdmVyc2lvbiI6IjEifQ==",
          "dependencies": [
            "aws_sns_topic.house_notifications"
          ]
        }
      ]
    },
    {
      "mode": "managed",
      "type": "aws_dynamodb_table",
      "name": "properties",
      "provider": "provider[\"registry.terraform.io/hashicorp/aws\"]",
      "instances": [
        {
          "schema_version": 1,
          "attributes": {
            "arn": "arn:aws:dynamodb:us-east-1:339712933874:table/properties",
            "attribute": [
              {
                "name": "propertyId",
                "type": "S"
              }
            ],
            "billing_mode": "PAY_PER_REQUEST",
            "deletion_protection_enabled": false,
            "global_secondary_index": [],
            "hash_key": "propertyId",
            "id": "properties",
            "import_table": [],
            "local_secondary_index": [],
            "name": "properties",
            "on_demand_throughput": [],
            "point_in_time_recovery": [
              {
                "enabled": false,
                "recovery_period_in_days": 0
              }
            ],
            "range_key": null,
            "read_capacity": 0,
            "replica": [],
            "restore_date_time": null,
            "restore_source_name": null,
            "restore_source_table_arn": null,
            "restore_to_latest_time": null,
            "server_side_encryption": [],
            "stream_arn": "",
            "stream_enabled": false,
            "stream_label": "",
            "stream_view_type": "",
            "table_class": "STANDARD",
            "tags": {
              "Name": "house-finder-properties"
            },
            "tags_all": {
              "Name": "house-finder-properties"
            },
            "timeouts": null,
            "ttl": [
              {
                "attribute_name": "",
                "enabled": false
              }
            ],
            "write_capacity": 0
          },
          "sensitive_attributes": [],
          "private": "eyJlMmJmYjczMC1lY2FhLTExZTYtOGY4OC0zNDM2M2JjN2M0YzAiOnsiY3JlYXRlIjoxODAwMDAwMDAwMDAwLCJkZWxldGUiOjYwMDAwMDAwMDAwMCwidXBkYXRlIjozNjAwMDAwMDAwMDAwfSwic2NoZW1hX3ZlcnNpb24iOiIxIn0=",
          "create_before_destroy": true
        }
      ]
    },
    {
      "mode": "managed",
      "type": "aws_dynamodb_table",
      "name": "user_filter_matches",
      "provider": "provider[\"registry.terraform.io/hashicorp/aws\"]",
      "instances": [
        {
          "schema_version": 1,
          "attributes": {
            "arn": "arn:aws:dynamodb:us-east-1:339712933874:table/user_filter_matches",
            "attribute": [
              {
                "name": "filterId",
                "type": "S"
              },
              {
                "name": "matchId",
                "type": "S"
              },
              {
                "name": "matchedAt",
                "type": "S"
              },
              {
                "name": "userId",
                "type": "N"
              }
            ],
            "billing_mode": "PAY_PER_REQUEST",
            "deletion_protection_enabled": false,
            "global_secondary_index": [
              {
                "hash_key": "filterId",
                "name": "filterId-matchedAt-index",
                "non_key_attributes": [],
                "on_demand_throughput": [],
                "projection_type": "ALL",
                "range_key": "matchedAt",
                "read_capacity": 0,
                "write_capacity": 0
              }
            ],
            "hash_key": "userId",
            "id": "user_filter_matches",
            "import_table": [],
            "local_secondary_index": [],
            "name": "user_filter_matches",
            "on_demand_throughput": [],
            "point_in_time_recovery": [
              {
                "enabled": false,
                "recovery_period_in_days": 0
              }
            ],
            "range_key": "matchId",
            "read_capacity": 0,
            "replica": [],
            "restore_date_time": null,
            "restore_source_name": null,
            "restore_source_table_arn": null,
            "restore_to_latest_time": null,
            "server_side_encryption": [],
            "stream_arn": "",
            "stream_enabled": false,
            "stream_label": "",
            "stream_view_type": "",
            "table_class": "STANDARD",
            "tags": {
              "Name": "house-finder-user-filter-matches"
            },
            "tags_all": {
              "Name": "house-finder-user-filter-matches"
            },
            "timeouts": null,
            "ttl": [
              {
                "attribute_name": "",
                "enabled": false
              }
            ],
            "write_capacity": 0
          },
          "sensitive_attributes": [],
          "private": "eyJlMmJmYjczMC1lY2FhLTExZTYtOGY4OC0zNDM2M2JjN2M0YzAiOnsiY3JlYXRlIjoxODAwMDAwMDAwMDAwLCJkZWxldGUiOjYwMDAwMDAwMDAwMCwidXBkYXRlIjozNjAwMDAwMDAwMDAwfSwic2NoZW1hX3ZlcnNpb24iOiIxIn0=",
          "create_before_destroy": true
        }
      ]
    },
    {
      "mode": "managed",
      "type": "aws_dynamodb_table",
      "name": "user_filters",
      "provider": "provider[\"registry.terraform.io/hashicorp/aws\"]",
      "instances": [
        {
          "schema_version": 1,
          "attributes": {
            "arn": "arn:aws:dynamodb:us-east-1:339712933874:table/user_filters",
            "attribute": [
              {
                "name": "filterId",
                "type": "N"
              },
              {
                "name": "userId",
                "type": "N"
              }
            ],
            "billing_mode": "PAY_PER_REQUEST",
            "deletion_protection_enabled": false,
            "global_secondary_index": [],
            "hash_key": "userId",
            "id": "user_filters",
            "import_table": [],
            "local_secondary_index": [],
            "name": "user_filters",
            "on_demand_throughput": [],
            "point_in_time_recovery": [
              {
                "enabled": false,
                "recovery_period_in_days": 0
              }
            ],
            "range_key": "filterId",
            "read_capacity": 0,
            "replica": [],
            "restore_date_time": null,
            "restore_source_name": null,
            "restore_source_table_arn": null,
            "restore_to_latest_time": null,
            "server_side_encryption": [],
            "stream_arn": "",
            "stream_enabled": false,
            "stream_label": "",
            "stream_view_type": "",
            "table_class": "STANDARD",
            "tags": {
              "Name": "house-finder-user-filters"
            },
            "tags_all": {
              "Name": "house-finder-user-filters"
            },
            "timeouts": null,
            "ttl": [
              {
                "attribute_name": "",
                "enabled": false
              }
            ],
            "write_capacity": 0
          },
          "sensitive_attributes": [],
          "private": "eyJlMmJmYjczMC1lY2FhLTExZTYtOGY4OC0zNDM2M2JjN2M0YzAiOnsiY3JlYXRlIjoxODAwMDAwMDAwMDAwLCJkZWxldGUiOjYwMDAwMDAwMDAwMCwidXBkYXRlIjozNjAwMDAwMDAwMDAwfSwic2NoZW1hX3ZlcnNpb24iOiIxIn0=",
          "create_before_destroy": true
        }
      ]
    },
    {
      "mode": "managed",
      "type": "aws_dynamodb_table",
      "name": "users",
      "provider": "provider[\"registry.terraform.io/hashicorp/aws\"]",
      "instances": [
        {
          "schema_version": 1,
          "attributes": {
            "arn": "arn:aws:dynamodb:us-east-1:339712933874:table/users",
            "attribute": [
              {
                "name": "userId",
                "type": "N"
              }
            ],
            "billing_mode": "PAY_PER_REQUEST",
            "deletion_protection_enabled": false,
            "global_secondary_index": [],
            "hash_key": "userId",
            "id": "users",
            "import_table": [],
            "local_secondary_index": [],
            "name": "users",
            "on_demand_throughput": [],
            "point_in_time_recovery": [
              {
                "enabled": false,
                "recovery_period_in_days": 0
              }
            ],
            "range_key": null,
            "read_capacity": 0,
            "replica": [],
            "restore_date_time": null,
            "restore_source_name": null,
            "restore_source_table_arn": null,
            "restore_to_latest_time": null,
            "server_side_encryption": [],
            "stream_arn": "",
            "stream_enabled": false,
            "stream_label": "",
            "stream_view_type": "",
            "table_class": "STANDARD",
            "tags": {
              "Name": "house-finder-users"
            },
            "tags_all": {
              "Name": "house-finder-users"
            },
            "timeouts": null,
            "ttl": [
              {
                "attribute_name": "",
                "enabled": false
              }
            ],
            "write_capacity": 0
          },
          "sensitive_attributes": [],
          "private": "eyJlMmJmYjczMC1lY2FhLTExZTYtOGY4OC0zNDM2M2JjN2M0YzAiOnsiY3JlYXRlIjoxODAwMDAwMDAwMDAwLCJkZWxldGUiOjYwMDAwMDAwMDAwMCwidXBkYXRlIjozNjAwMDAwMDAwMDAwfSwic2NoZW1hX3ZlcnNpb24iOiIxIn0="
        }
      ]
    },
    {
      "mode": "managed",
      "type": "aws_iam_role",
      "name": "lambda_role",
      "provider": "provider[\"registry.terraform.io/hashicorp/aws\"]",
      "instances": [
        {
          "schema_version": 0,
          "attributes": {
            "arn": "arn:aws:iam::339712933874:role/house-finder-lambda-role",
            "assume_role_policy": "{\"Statement\":[{\"Action\":\"sts:AssumeRole\",\"Effect\":\"Allow\",\"Principal\":{\"Service\":\"lambda.amazonaws.com\"}}],\"Version\":\"2012-10-17\"}",
            "create_date": "2025-09-05T16:24:16Z",
            "description": "",
            "force_detach_policies": false,
            "id": "house-finder-lambda-role",
            "inline_policy": [
              {
                "name": "house-finder-lambda-policy",
                "policy": "{\"Version\":\"2012-10-17\",\"Statement\":[{\"Action\":[\"dynamodb:Query\",\"dynamodb:Scan\",\"dynamodb:GetItem\",\"dynamodb:PutItem\",\"dynamodb:UpdateItem\",\"dynamodb:DeleteItem\",\"sns:Publish\",\"bedrock:InvokeModel\",\"s3:GetObject\",\"s3:PutObject\",\"s3:DeleteObject\",\"transcribe:StartTranscriptionJob\",\"transcribe:GetTranscriptionJob\",\"cloudwatch:PutMetricData\",\"logs:CreateLogGroup\",\"logs:CreateLogStream\",\"logs:PutLogEvents\"],\"Effect\":\"Allow\",\"Resource\":\"*\"}]}"
              }
            ],
            "managed_policy_arns": [],
            "max_session_duration": 3600,
            "name": "house-finder-lambda-role",
            "name_prefix": "",
            "path": "/",
            "permissions_boundary": "",
            "tags": {},
            "tags_all": {},
            "unique_id": "AROAU6GDX77ZK7JYD2PK7"
          },
          "sensitive_attributes": [],
          "private": "bnVsbA==",
          "create_before_destroy": true
        }
      ]
    },
    {
      "mode": "managed",
      "type": "aws_iam_role_policy",
      "name": "lambda_policy",
      "provider": "provider[\"registry.terraform.io/hashicorp/aws\"]",
      "instances": [
        {
          "schema_version": 0,
          "attributes": {
            "id": "house-finder-lambda-role:house-finder-lambda-policy",
            "name": "house-finder-lambda-policy",
            "name_prefix": "",
            "policy": "{\"Version\":\"2012-10-17\",\"Statement\":[{\"Action\":[\"dynamodb:Query\",\"dynamodb:Scan\",\"dynamodb:GetItem\",\"dynamodb:PutItem\",\"dynamodb:UpdateItem\",\"dynamodb:DeleteItem\",\"sns:Publish\",\"bedrock:InvokeModel\",\"s3:GetObject\",\"s3:PutObject\",\"s3:DeleteObject\",\"transcribe:StartTranscriptionJob\",\"transcribe:GetTranscriptionJob\",\"cloudwatch:PutMetricData\",\"logs:CreateLogGroup\",\"logs:CreateLogStream\",\"logs:PutLogEvents\"],\"Effect\":\"Allow\",\"Resource\":\"*\"}]}",
            "role": "house-finder-lambda-role"
          },
          "sensitive_attributes": [],
          "private": "bnVsbA==",
          "dependencies": [
            "aws_iam_role.lambda_role"
          ]
        }
      ]
    },
    {
      "mode": "managed",
      "type": "aws_lambda_function",
      "name": "crawl_zigbang",
      "provider": "provider[\"registry.terraform.io/hashicorp/aws\"]",
      "instances": [
        {
          "schema_version": 0,
          "attributes": {
            "architectures": [
              "x86_64"
            ],
            "arn": "arn:aws:lambda:us-east-1:339712933874:function:house-finder-crawl-zigbang",
            "code_sha256": "jwwomJdqOTFM/utQfyeSTWxb4mVR0c7Fd3bAQN/4otc=",
            "code_signing_config_arn": "",
            "dead_letter_config": [],
            "description": "",
            "environment": [
              {
                "variables": {
                  "PROPERTIES_TABLE": "properties"
                }
              }
            ],
            "ephemeral_storage": [
              {
                "size": 512
              }
            ],
            "file_system_config": [],
            "filename": "build/crawlZigbang.zip",
            "function_name": "house-finder-crawl-zigbang",
            "handler": "index.handler",
            "id": "house-finder-crawl-zigbang",
            "image_config": [],
            "image_uri": "",
            "invoke_arn": "arn:aws:apigateway:us-east-1:lambda:path/2015-03-31/functions/arn:aws:lambda:us-east-1:339712933874:function:house-finder-crawl-zigbang/invocations",
            "kms_key_arn": "",
            "last_modified": "2025-09-06T04:47:18.000+0000",
            "layers": [],
            "logging_config": [
              {
                "application_log_level": "",
                "log_format": "Text",
                "log_group": "/aws/lambda/house-finder-crawl-zigbang",
                "system_log_level": ""
              }
            ],
            "memory_size": 128,
            "package_type": "Zip",
            "publish": false,
            "qualified_arn": "arn:aws:lambda:us-east-1:339712933874:function:house-finder-crawl-zigbang:$LATEST",
            "qualified_invoke_arn": "arn:aws:apigateway:us-east-1:lambda:path/2015-03-31/functions/arn:aws:lambda:us-east-1:339712933874:function:house-finder-crawl-zigbang:$LATEST/invocations",
            "replace_security_groups_on_destroy": null,
            "replacement_security_group_ids": null,
            "reserved_concurrent_executions": -1,
            "role": "arn:aws:iam::339712933874:role/house-finder-lambda-role",
            "runtime": "nodejs16.x",
            "s3_bucket": null,
            "s3_key": null,
            "s3_object_version": null,
            "signing_job_arn": "",
            "signing_profile_version_arn": "",
            "skip_destroy": false,
            "snap_start": [],
            "source_code_hash": "jwwomJdqOTFM/utQfyeSTWxb4mVR0c7Fd3bAQN/4otc=",
            "source_code_size": 4206,
            "tags": {},
            "tags_all": {},
            "timeout": 300,
            "timeouts": null,
            "tracing_config": [
              {
                "mode": "PassThrough"
              }
            ],
            "version": "$LATEST",
            "vpc_config": []
          },
          "sensitive_attributes": [],
          "private": "eyJlMmJmYjczMC1lY2FhLTExZTYtOGY4OC0zNDM2M2JjN2M0YzAiOnsiY3JlYXRlIjo2MDAwMDAwMDAwMDAsImRlbGV0ZSI6NjAwMDAwMDAwMDAwLCJ1cGRhdGUiOjYwMDAwMDAwMDAwMH19",
          "dependencies": [
            "aws_dynamodb_table.properties",
            "aws_iam_role.lambda_role"
          ]
        }
      ]
    },
    {
      "mode": "managed",
      "type": "aws_lambda_function",
      "name": "delete_filter",
      "provider": "provider[\"registry.terraform.io/hashicorp/aws\"]",
      "instances": [
        {
          "schema_version": 0,
          "attributes": {
            "architectures": [
              "x86_64"
            ],
            "arn": "arn:aws:lambda:us-east-1:339712933874:function:house-finder-delete-filter",
            "code_sha256": "Eb5mXYcGk0DduR6F58U2sqttA86AwRlHRsKpJlsLsrs=",
            "code_signing_config_arn": "",
            "dead_letter_config": [],
            "description": "",
            "environment": [
              {
                "variables": {
                  "USER_FILTERS_TABLE": "user_filters"
                }
              }
            ],
            "ephemeral_storage": [
              {
                "size": 512
              }
            ],
            "file_system_config": [],
            "filename": "build/deleteFilter.zip",
            "function_name": "house-finder-delete-filter",
            "handler": "index.handler",
            "id": "house-finder-delete-filter",
            "image_config": [],
            "image_uri": "",
            "invoke_arn": "arn:aws:apigateway:us-east-1:lambda:path/2015-03-31/functions/arn:aws:lambda:us-east-1:339712933874:function:house-finder-delete-filter/invocations",
            "kms_key_arn": "",
            "last_modified": "2025-09-06T04:48:08.000+0000",
            "layers": [],
            "logging_config": [
              {
                "application_log_level": "",
                "log_format": "Text",
                "log_group": "/aws/lambda/house-finder-delete-filter",
                "system_log_level": ""
              }
            ],
            "memory_size": 128,
            "package_type": "Zip",
            "publish": false,
            "qualified_arn": "arn:aws:lambda:us-east-1:339712933874:function:house-finder-delete-filter:$LATEST",
            "qualified_invoke_arn": "arn:aws:apigateway:us-east-1:lambda:path/2015-03-31/functions/arn:aws:lambda:us-east-1:339712933874:function:house-finder-delete-filter:$LATEST/invocations",
            "replace_security_groups_on_destroy": null,
            "replacement_security_group_ids": null,
            "reserved_concurrent_executions": -1,
            "role": "arn:aws:iam::339712933874:role/house-finder-lambda-role",
            "runtime": "nodejs16.x",
            "s3_bucket": null,
            "s3_key": null,
            "s3_object_version": null,
            "signing_job_arn": "",
            "signing_profile_version_arn": "",
            "skip_destroy": false,
            "snap_start": [],
            "source_code_hash": "Eb5mXYcGk0DduR6F58U2sqttA86AwRlHRsKpJlsLsrs=",
            "source_code_size": 1127,
            "tags": {},
            "tags_all": {},
            "timeout": 30,
            "timeouts": null,
            "tracing_config": [
              {
                "mode": "PassThrough"
              }
            ],
            "version": "$LATEST",
            "vpc_config": []
          },
          "sensitive_attributes": [],
          "private": "eyJlMmJmYjczMC1lY2FhLTExZTYtOGY4OC0zNDM2M2JjN2M0YzAiOnsiY3JlYXRlIjo2MDAwMDAwMDAwMDAsImRlbGV0ZSI6NjAwMDAwMDAwMDAwLCJ1cGRhdGUiOjYwMDAwMDAwMDAwMH19",
          "dependencies": [
            "aws_dynamodb_table.user_filters",
            "aws_iam_role.lambda_role"
          ],
          "create_before_destroy": true
        }
      ]
    },
    {
      "mode": "managed",
      "type": "aws_lambda_function",
      "name": "get_filters",
      "provider": "provider[\"registry.terraform.io/hashicorp/aws\"]",
      "instances": [
        {
          "schema_version": 0,
          "attributes": {
            "architectures": [
              "x86_64"
            ],
            "arn": "arn:aws:lambda:us-east-1:339712933874:function:house-finder-get-filters",
            "code_sha256": "EqYZVgbcF0jBufLc2wY3BqG4hIv9wtMVLzVxp0xhzMo=",
            "code_signing_config_arn": "",
            "dead_letter_config": [],
            "description": "",
            "environment": [
              {
                "variables": {
                  "USER_FILTERS_TABLE": "user_filters"
                }
              }
            ],
            "ephemeral_storage": [
              {
                "size": 512
              }
            ],
            "file_system_config": [],
            "filename": "build/getFilters.zip",
            "function_name": "house-finder-get-filters",
            "handler": "index.handler",
            "id": "house-finder-get-filters",
            "image_config": [],
            "image_uri": "",
            "invoke_arn": "arn:aws:apigateway:us-east-1:lambda:path/2015-03-31/functions/arn:aws:lambda:us-east-1:339712933874:function:house-finder-get-filters/invocations",
            "kms_key_arn": "",
            "last_modified": "2025-09-06T04:47:32.000+0000",
            "layers": [],
            "logging_config": [
              {
                "application_log_level": "",
                "log_format": "Text",
                "log_group": "/aws/lambda/house-finder-get-filters",
                "system_log_level": ""
              }
            ],
            "memory_size": 128,
            "package_type": "Zip",
            "publish": false,
            "qualified_arn": "arn:aws:lambda:us-east-1:339712933874:function:house-finder-get-filters:$LATEST",
            "qualified_invoke_arn": "arn:aws:apigateway:us-east-1:lambda:path/2015-03-31/functions/arn:aws:lambda:us-east-1:339712933874:function:house-finder-get-filters:$LATEST/invocations",
            "replace_security_groups_on_destroy": null,
            "replacement_security_group_ids": null,
            "reserved_concurrent_executions": -1,
            "role": "arn:aws:iam::339712933874:role/house-finder-lambda-role",
            "runtime": "nodejs16.x",
            "s3_bucket": null,
            "s3_key": null,
            "s3_object_version": null,
            "signing_job_arn": "",
            "signing_profile_version_arn": "",
            "skip_destroy": false,
            "snap_start": [],
            "source_code_hash": "EqYZVgbcF0jBufLc2wY3BqG4hIv9wtMVLzVxp0xhzMo=",
            "source_code_size": 923,
            "tags": {},
            "tags_all": {},
            "timeout": 30,
            "timeouts": null,
            "tracing_config": [
              {
                "mode": "PassThrough"
              }
            ],
            "version": "$LATEST",
            "vpc_config": []
          },
          "sensitive_attributes": [],
          "private": "eyJlMmJmYjczMC1lY2FhLTExZTYtOGY4OC0zNDM2M2JjN2M0YzAiOnsiY3JlYXRlIjo2MDAwMDAwMDAwMDAsImRlbGV0ZSI6NjAwMDAwMDAwMDAwLCJ1cGRhdGUiOjYwMDAwMDAwMDAwMH19",
          "dependencies": [
            "aws_dynamodb_table.user_filters",
            "aws_iam_role.lambda_role"
          ],
          "create_before_destroy": true
        }
      ]
    },
    {
      "mode": "managed",
      "type": "aws_lambda_function",
      "name": "get_history",
      "provider": "provider[\"registry.terraform.io/hashicorp/aws\"]",
      "instances": [
        {
          "schema_version": 0,
          "attributes": {
            "architectures": [
              "x86_64"
            ],
            "arn": "arn:aws:lambda:us-east-1:339712933874:function:house-finder-get-history",
            "code_sha256": "0e2wsaCXFiWQ24Tm4/Kn6ufS3Bjr0Pji9xXpfQPGo7I=",
            "code_signing_config_arn": "",
            "dead_letter_config": [],
            "description": "",
            "environment": [
              {
                "variables": {
                  "PROPERTIES_TABLE": "properties",
                  "USER_FILTERS_TABLE": "user_filters"
                }
              }
            ],
            "ephemeral_storage": [
              {
                "size": 512
              }
            ],
            "file_system_config": [],
            "filename": "build/getHistory.zip",
            "function_name": "house-finder-get-history",
            "handler": "index.handler",
            "id": "house-finder-get-history",
            "image_config": [],
            "image_uri": "",
            "invoke_arn": "arn:aws:apigateway:us-east-1:lambda:path/2015-03-31/functions/arn:aws:lambda:us-east-1:339712933874:function:house-finder-get-history/invocations",
            "kms_key_arn": "",
            "last_modified": "2025-09-06T04:47:47.000+0000",
            "layers": [],
            "logging_config": [
              {
                "application_log_level": "",
                "log_format": "Text",
                "log_group": "/aws/lambda/house-finder-get-history",
                "system_log_level": ""
              }
            ],
            "memory_size": 128,
            "package_type": "Zip",
            "publish": false,
            "qualified_arn": "arn:aws:lambda:us-east-1:339712933874:function:house-finder-get-history:$LATEST",
            "qualified_invoke_arn": "arn:aws:apigateway:us-east-1:lambda:path/2015-03-31/functions/arn:aws:lambda:us-east-1:339712933874:function:house-finder-get-history:$LATEST/invocations",
            "replace_security_groups_on_destroy": null,
            "replacement_security_group_ids": null,
            "reserved_concurrent_executions": -1,
            "role": "arn:aws:iam::339712933874:role/house-finder-lambda-role",
            "runtime": "nodejs16.x",
            "s3_bucket": null,
            "s3_key": null,
            "s3_object_version": null,
            "signing_job_arn": "",
            "signing_profile_version_arn": "",
            "skip_destroy": false,
            "snap_start": [],
            "source_code_hash": "0e2wsaCXFiWQ24Tm4/Kn6ufS3Bjr0Pji9xXpfQPGo7I=",
            "source_code_size": 1954,
            "tags": {},
            "tags_all": {},
            "timeout": 30,
            "timeouts": null,
            "tracing_config": [
              {
                "mode": "PassThrough"
              }
            ],
            "version": "$LATEST",
            "vpc_config": []
          },
          "sensitive_attributes": [],
          "private": "eyJlMmJmYjczMC1lY2FhLTExZTYtOGY4OC0zNDM2M2JjN2M0YzAiOnsiY3JlYXRlIjo2MDAwMDAwMDAwMDAsImRlbGV0ZSI6NjAwMDAwMDAwMDAwLCJ1cGRhdGUiOjYwMDAwMDAwMDAwMH19",
          "dependencies": [
            "aws_dynamodb_table.properties",
            "aws_dynamodb_table.user_filters",
            "aws_iam_role.lambda_role"
          ],
          "create_before_destroy": true
        }
      ]
    },
    {
      "mode": "managed",
      "type": "aws_lambda_function",
      "name": "get_matches",
      "provider": "provider[\"registry.terraform.io/hashicorp/aws\"]",
      "instances": [
        {
          "schema_version": 0,
          "attributes": {
            "architectures": [
              "x86_64"
            ],
            "arn": "arn:aws:lambda:us-east-1:339712933874:function:house-finder-get-matches",
            "code_sha256": "Qi692gpv+V0gEXxBRyI11Y4XCqD8bqp+6q+eygdBY4o=",
            "code_signing_config_arn": "",
            "dead_letter_config": [],
            "description": "",
            "environment": [
              {
                "variables": {
                  "PROPERTIES_TABLE": "properties",
                  "USER_FILTERS_TABLE": "user_filters",
                  "USER_FILTER_MATCHES_TABLE": "user_filter_matches"
                }
              }
            ],
            "ephemeral_storage": [
              {
                "size": 512
              }
            ],
            "file_system_config": [],
            "filename": "build/getMatches.zip",
            "function_name": "house-finder-get-matches",
            "handler": "index.handler",
            "id": "house-finder-get-matches",
            "image_config": [],
            "image_uri": "",
            "invoke_arn": "arn:aws:apigateway:us-east-1:lambda:path/2015-03-31/functions/arn:aws:lambda:us-east-1:339712933874:function:house-finder-get-matches/invocations",
            "kms_key_arn": "",
            "last_modified": "2025-09-06T04:48:00.000+0000",
            "layers": [],
            "logging_config": [
              {
                "application_log_level": "",
                "log_format": "Text",
                "log_group": "/aws/lambda/house-finder-get-matches",
                "system_log_level": ""
              }
            ],
            "memory_size": 128,
            "package_type": "Zip",
            "publish": false,
            "qualified_arn": "arn:aws:lambda:us-east-1:339712933874:function:house-finder-get-matches:$LATEST",
            "qualified_invoke_arn": "arn:aws:apigateway:us-east-1:lambda:path/2015-03-31/functions/arn:aws:lambda:us-east-1:339712933874:function:house-finder-get-matches:$LATEST/invocations",
            "replace_security_groups_on_destroy": null,
            "replacement_security_group_ids": null,
            "reserved_concurrent_executions": -1,
            "role": "arn:aws:iam::339712933874:role/house-finder-lambda-role",
            "runtime": "nodejs16.x",
            "s3_bucket": null,
            "s3_key": null,
            "s3_object_version": null,
            "signing_job_arn": "",
            "signing_profile_version_arn": "",
            "skip_destroy": false,
            "snap_start": [],
            "source_code_hash": "Qi692gpv+V0gEXxBRyI11Y4XCqD8bqp+6q+eygdBY4o=",
            "source_code_size": 1699,
            "tags": {},
            "tags_all": {},
            "timeout": 30,
            "timeouts": null,
            "tracing_config": [
              {
                "mode": "PassThrough"
              }
            ],
            "version": "$LATEST",
            "vpc_config": []
          },
          "sensitive_attributes": [],
          "private": "eyJlMmJmYjczMC1lY2FhLTExZTYtOGY4OC0zNDM2M2JjN2M0YzAiOnsiY3JlYXRlIjo2MDAwMDAwMDAwMDAsImRlbGV0ZSI6NjAwMDAwMDAwMDAwLCJ1cGRhdGUiOjYwMDAwMDAwMDAwMH19",
          "dependencies": [
            "aws_dynamodb_table.properties",
            "aws_dynamodb_table.user_filter_matches",
            "aws_dynamodb_table.user_filters",
            "aws_iam_role.lambda_role"
          ],
          "create_before_destroy": true
        }
      ]
    },
    {
      "mode": "managed",
      "type": "aws_lambda_function",
      "name": "match_properties",
      "provider": "provider[\"registry.terraform.io/hashicorp/aws\"]",
      "instances": [
        {
          "schema_version": 0,
          "attributes": {
            "architectures": [
              "x86_64"
            ],
            "arn": "arn:aws:lambda:us-east-1:339712933874:function:house-finder-match-properties",
            "code_sha256": "blXJUDABPYiMVAxGMyJXdPnz0j9InM0aREGJIxz/6CE=",
            "code_signing_config_arn": "",
            "dead_letter_config": [],
            "description": "",
            "environment": [
              {
                "variables": {
                  "PROPERTIES_TABLE": "properties",
                  "SNS_TOPIC_ARN": "arn:aws:sns:us-east-1:339712933874:house-notifications",
                  "USER_FILTERS_TABLE": "user_filters",
                  "USER_FILTER_MATCHES_TABLE": "user_filter_matches"
                }
              }
            ],
            "ephemeral_storage": [
              {
                "size": 512
              }
            ],
            "file_system_config": [],
            "filename": "build/matchProperties.zip",
            "function_name": "house-finder-match-properties",
            "handler": "index.handler",
            "id": "house-finder-match-properties",
            "image_config": [],
            "image_uri": "",
            "invoke_arn": "arn:aws:apigateway:us-east-1:lambda:path/2015-03-31/functions/arn:aws:lambda:us-east-1:339712933874:function:house-finder-match-properties/invocations",
            "kms_key_arn": "",
            "last_modified": "2025-09-06T04:47:25.000+0000",
            "layers": [],
            "logging_config": [
              {
                "application_log_level": "",
                "log_format": "Text",
                "log_group": "/aws/lambda/house-finder-match-properties",
                "system_log_level": ""
              }
            ],
            "memory_size": 128,
            "package_type": "Zip",
            "publish": false,
            "qualified_arn": "arn:aws:lambda:us-east-1:339712933874:function:house-finder-match-properties:$LATEST",
            "qualified_invoke_arn": "arn:aws:apigateway:us-east-1:lambda:path/2015-03-31/functions/arn:aws:lambda:us-east-1:339712933874:function:house-finder-match-properties:$LATEST/invocations",
            "replace_security_groups_on_destroy": null,
            "replacement_security_group_ids": null,
            "reserved_concurrent_executions": -1,
            "role": "arn:aws:iam::339712933874:role/house-finder-lambda-role",
            "runtime": "nodejs16.x",
            "s3_bucket": null,
            "s3_key": null,
            "s3_object_version": null,
            "signing_job_arn": "",
            "signing_profile_version_arn": "",
            "skip_destroy": false,
            "snap_start": [],
            "source_code_hash": "blXJUDABPYiMVAxGMyJXdPnz0j9InM0aREGJIxz/6CE=",
            "source_code_size": 1871,
            "tags": {},
            "tags_all": {},
            "timeout": 300,
            "timeouts": null,
            "tracing_config": [
              {
                "mode": "PassThrough"
              }
            ],
            "version": "$LATEST",
            "vpc_config": []
          },
          "sensitive_attributes": [],
          "private": "eyJlMmJmYjczMC1lY2FhLTExZTYtOGY4OC0zNDM2M2JjN2M0YzAiOnsiY3JlYXRlIjo2MDAwMDAwMDAwMDAsImRlbGV0ZSI6NjAwMDAwMDAwMDAwLCJ1cGRhdGUiOjYwMDAwMDAwMDAwMH19",
          "dependencies": [
            "aws_dynamodb_table.properties",
            "aws_dynamodb_table.user_filter_matches",
            "aws_dynamodb_table.user_filters",
            "aws_iam_role.lambda_role",
            "aws_sns_topic.house_notifications"
          ]
        }
      ]
    },
    {
      "mode": "managed",
      "type": "aws_lambda_function",
      "name": "parse_natural_filter",
      "provider": "provider[\"registry.terraform.io/hashicorp/aws\"]",
      "instances": [
        {
          "schema_version": 0,
          "attributes": {
            "architectures": [
              "x86_64"
            ],
            "arn": "arn:aws:lambda:us-east-1:339712933874:function:house-finder-parse-natural-filter",
            "code_sha256": "QRYftOrkXj4NDcorQyGH4QFQzXOxcaeI+5rnqvi4RfE=",
            "code_signing_config_arn": "",
            "dead_letter_config": [],
            "description": "",
            "environment": [
              {
                "variables": {
                  "TEMP_AUDIO_BUCKET": "house-finder-temp-audio-aj598dyh"
                }
              }
            ],
            "ephemeral_storage": [
              {
                "size": 512
              }
            ],
            "file_system_config": [],
            "filename": "build/parseNaturalFilter.zip",
            "function_name": "house-finder-parse-natural-filter",
            "handler": "index.handler",
            "id": "house-finder-parse-natural-filter",
            "image_config": [],
            "image_uri": "",
            "invoke_arn": "arn:aws:apigateway:us-east-1:lambda:path/2015-03-31/functions/arn:aws:lambda:us-east-1:339712933874:function:house-finder-parse-natural-filter/invocations",
            "kms_key_arn": "",
            "last_modified": "2025-09-06T05:20:52.000+0000",
            "layers": [],
            "logging_config": [
              {
                "application_log_level": "",
                "log_format": "Text",
                "log_group": "/aws/lambda/house-finder-parse-natural-filter",
                "system_log_level": ""
              }
            ],
            "memory_size": 128,
            "package_type": "Zip",
            "publish": false,
            "qualified_arn": "arn:aws:lambda:us-east-1:339712933874:function:house-finder-parse-natural-filter:$LATEST",
            "qualified_invoke_arn": "arn:aws:apigateway:us-east-1:lambda:path/2015-03-31/functions/arn:aws:lambda:us-east-1:339712933874:function:house-finder-parse-natural-filter:$LATEST/invocations",
            "replace_security_groups_on_destroy": null,
            "replacement_security_group_ids": null,
            "reserved_concurrent_executions": -1,
            "role": "arn:aws:iam::339712933874:role/house-finder-lambda-role",
            "runtime": "nodejs16.x",
            "s3_bucket": null,
            "s3_key": null,
            "s3_object_version": null,
            "signing_job_arn": "",
            "signing_profile_version_arn": "",
            "skip_destroy": false,
            "snap_start": [],
            "source_code_hash": "QRYftOrkXj4NDcorQyGH4QFQzXOxcaeI+5rnqvi4RfE=",
            "source_code_size": 3828,
            "tags": {},
            "tags_all": {},
            "timeout": 300,
            "timeouts": null,
            "tracing_config": [
              {
                "mode": "PassThrough"
              }
            ],
            "version": "$LATEST",
            "vpc_config": []
          },
          "sensitive_attributes": [],
          "private": "eyJlMmJmYjczMC1lY2FhLTExZTYtOGY4OC0zNDM2M2JjN2M0YzAiOnsiY3JlYXRlIjo2MDAwMDAwMDAwMDAsImRlbGV0ZSI6NjAwMDAwMDAwMDAwLCJ1cGRhdGUiOjYwMDAwMDAwMDAwMH19",
          "dependencies": [
            "aws_iam_role.lambda_role",
            "aws_s3_bucket.temp_audio_bucket",
            "random_string.bucket_suffix"
          ]
        }
      ]
    },
    {
      "mode": "managed",
      "type": "aws_lambda_function",
      "name": "register_filter",
      "provider": "provider[\"registry.terraform.io/hashicorp/aws\"]",
      "instances": [
        {
          "schema_version": 0,
          "attributes": {
            "architectures": [
              "x86_64"
            ],
            "arn": "arn:aws:lambda:us-east-1:339712933874:function:house-finder-register-filter",
            "code_sha256": "kzr7Eg+ogyf1CqkstgQpcpQQLit9Eu7aTDl264g9LuA=",
            "code_signing_config_arn": "",
            "dead_letter_config": [],
            "description": "",
            "environment": [
              {
                "variables": {
                  "USER_FILTERS_TABLE": "user_filters"
                }
              }
            ],
            "ephemeral_storage": [
              {
                "size": 512
              }
            ],
            "file_system_config": [],
            "filename": "build/registerFilter.zip",
            "function_name": "house-finder-register-filter",
            "handler": "index.handler",
            "id": "house-finder-register-filter",
            "image_config": [],
            "image_uri": "",
            "invoke_arn": "arn:aws:apigateway:us-east-1:lambda:path/2015-03-31/functions/arn:aws:lambda:us-east-1:339712933874:function:house-finder-register-filter/invocations",
            "kms_key_arn": "",
            "last_modified": "2025-09-06T04:47:40.000+0000",
            "layers": [],
            "logging_config": [
              {
                "application_log_level": "",
                "log_format": "Text",
                "log_group": "/aws/lambda/house-finder-register-filter",
                "system_log_level": ""
              }
            ],
            "memory_size": 128,
            "package_type": "Zip",
            "publish": false,
            "qualified_arn": "arn:aws:lambda:us-east-1:339712933874:function:house-finder-register-filter:$LATEST",
            "qualified_invoke_arn": "arn:aws:apigateway:us-east-1:lambda:path/2015-03-31/functions/arn:aws:lambda:us-east-1:339712933874:function:house-finder-register-filter:$LATEST/invocations",
            "replace_security_groups_on_destroy": null,
            "replacement_security_group_ids": null,
            "reserved_concurrent_executions": -1,
            "role": "arn:aws:iam::339712933874:role/house-finder-lambda-role",
            "runtime": "nodejs16.x",
            "s3_bucket": null,
            "s3_key": null,
            "s3_object_version": null,
            "signing_job_arn": "",
            "signing_profile_version_arn": "",
            "skip_destroy": false,
            "snap_start": [],
            "source_code_hash": "kzr7Eg+ogyf1CqkstgQpcpQQLit9Eu7aTDl264g9LuA=",
            "source_code_size": 1211,
            "tags": {},
            "tags_all": {},
            "timeout": 30,
            "timeouts": null,
            "tracing_config": [
              {
                "mode": "PassThrough"
              }
            ],
            "version": "$LATEST",
            "vpc_config": []
          },
          "sensitive_attributes": [],
          "private": "eyJlMmJmYjczMC1lY2FhLTExZTYtOGY4OC0zNDM2M2JjN2M0YzAiOnsiY3JlYXRlIjo2MDAwMDAwMDAwMDAsImRlbGV0ZSI6NjAwMDAwMDAwMDAwLCJ1cGRhdGUiOjYwMDAwMDAwMDAwMH19",
          "dependencies": [
            "aws_dynamodb_table.user_filters",
            "aws_iam_role.lambda_role"
          ],
          "create_before_destroy": true
        }
      ]
    },
    {
      "mode": "managed",
      "type": "aws_lambda_function",
      "name": "send_notifications",
      "provider": "provider[\"registry.terraform.io/hashicorp/aws\"]",
      "instances": [
        {
          "schema_version": 0,
          "attributes": {
            "architectures": [
              "x86_64"
            ],
            "arn": "arn:aws:lambda:us-east-1:339712933874:function:house-finder-send-notifications",
            "code_sha256": "i2yhF2wJkLgEtYAxVpey+gtlUVOxgRrXGoqO1ETVDhA=",
            "code_signing_config_arn": "",
            "dead_letter_config": [],
            "description": "",
            "environment": [
              {
                "variables": {
                  "SNS_TOPIC_ARN": "arn:aws:sns:us-east-1:339712933874:house-notifications",
                  "USER_FILTERS_TABLE": "user_filters",
                  "USER_FILTER_MATCHES_TABLE": "user_filter_matches"
                }
              }
            ],
            "ephemeral_storage": [
              {
                "size": 512
              }
            ],
            "file_system_config": [],
            "filename": "build/sendNotifications.zip",
            "function_name": "house-finder-send-notifications",
            "handler": "index.handler",
            "id": "house-finder-send-notifications",
            "image_config": [],
            "image_uri": "",
            "invoke_arn": "arn:aws:apigateway:us-east-1:lambda:path/2015-03-31/functions/arn:aws:lambda:us-east-1:339712933874:function:house-finder-send-notifications/invocations",
            "kms_key_arn": "",
            "last_modified": "2025-09-06T04:47:54.000+0000",
            "layers": [],
            "logging_config": [
              {
                "application_log_level": "",
                "log_format": "Text",
                "log_group": "/aws/lambda/house-finder-send-notifications",
                "system_log_level": ""
              }
            ],
            "memory_size": 128,
            "package_type": "Zip",
            "publish": false,
            "qualified_arn": "arn:aws:lambda:us-east-1:339712933874:function:house-finder-send-notifications:$LATEST",
            "qualified_invoke_arn": "arn:aws:apigateway:us-east-1:lambda:path/2015-03-31/functions/arn:aws:lambda:us-east-1:339712933874:function:house-finder-send-notifications:$LATEST/invocations",
            "replace_security_groups_on_destroy": null,
            "replacement_security_group_ids": null,
            "reserved_concurrent_executions": -1,
            "role": "arn:aws:iam::339712933874:role/house-finder-lambda-role",
            "runtime": "nodejs16.x",
            "s3_bucket": null,
            "s3_key": null,
            "s3_object_version": null,
            "signing_job_arn": "",
            "signing_profile_version_arn": "",
            "skip_destroy": false,
            "snap_start": [],
            "source_code_hash": "i2yhF2wJkLgEtYAxVpey+gtlUVOxgRrXGoqO1ETVDhA=",
            "source_code_size": 1858,
            "tags": {},
            "tags_all": {},
            "timeout": 60,
            "timeouts": null,
            "tracing_config": [
              {
                "mode": "PassThrough"
              }
            ],
            "version": "$LATEST",
            "vpc_config": []
          },
          "sensitive_attributes": [],
          "private": "eyJlMmJmYjczMC1lY2FhLTExZTYtOGY4OC0zNDM2M2JjN2M0YzAiOnsiY3JlYXRlIjo2MDAwMDAwMDAwMDAsImRlbGV0ZSI6NjAwMDAwMDAwMDAwLCJ1cGRhdGUiOjYwMDAwMDAwMDAwMH19",
          "dependencies": [
            "aws_dynamodb_table.user_filter_matches",
            "aws_dynamodb_table.user_filters",
            "aws_iam_role.lambda_role",
            "aws_sns_topic.house_notifications"
          ]
        }
      ]
    },
    {
      "mode": "managed",
      "type": "aws_lambda_permission",
      "name": "allow_eventbridge_crawling",
      "provider": "provider[\"registry.terraform.io/hashicorp/aws\"]",
      "instances": [
        {
          "schema_version": 0,
          "attributes": {
            "action": "lambda:InvokeFunction",
            "event_source_token": null,
            "function_name": "house-finder-crawl-zigbang",
            "function_url_auth_type": null,
            "id": "AllowExecutionFromEventBridge",
            "principal": "events.amazonaws.com",
            "principal_org_id": null,
            "qualifier": "",
            "source_account": null,
            "source_arn": "arn:aws:events:us-east-1:339712933874:rule/house-finder-crawling",
            "statement_id": "AllowExecutionFromEventBridge",
            "statement_id_prefix": ""
          },
          "sensitive_attributes": [],
          "private": "bnVsbA==",
          "dependencies": [
            "aws_cloudwatch_event_rule.crawling_schedule",
            "aws_dynamodb_table.properties",
            "aws_iam_role.lambda_role",
            "aws_lambda_function.crawl_zigbang"
          ]
        }
      ]
    },
    {
      "mode": "managed",
      "type": "aws_lambda_permission",
      "name": "allow_eventbridge_matching",
      "provider": "provider[\"registry.terraform.io/hashicorp/aws\"]",
      "instances": [
        {
          "schema_version": 0,
          "attributes": {
            "action": "lambda:InvokeFunction",
            "event_source_token": null,
            "function_name": "house-finder-match-properties",
            "function_url_auth_type": null,
            "id": "AllowExecutionFromEventBridge",
            "principal": "events.amazonaws.com",
            "principal_org_id": null,
            "qualifier": "",
            "source_account": null,
            "source_arn": "arn:aws:events:us-east-1:339712933874:rule/house-finder-crawling",
            "statement_id": "AllowExecutionFromEventBridge",
            "statement_id_prefix": ""
          },
          "sensitive_attributes": [],
          "private": "bnVsbA==",
          "dependencies": [
            "aws_cloudwatch_event_rule.crawling_schedule",
            "aws_dynamodb_table.properties",
            "aws_dynamodb_table.user_filter_matches",
            "aws_dynamodb_table.user_filters",
            "aws_iam_role.lambda_role",
            "aws_lambda_function.match_properties",
            "aws_sns_topic.house_notifications"
          ]
        }
      ]
    },
    {
      "mode": "managed",
      "type": "aws_lambda_permission",
      "name": "allow_eventbridge_notifications",
      "provider": "provider[\"registry.terraform.io/hashicorp/aws\"]",
      "instances": [
        {
          "schema_version": 0,
          "attributes": {
            "action": "lambda:InvokeFunction",
            "event_source_token": null,
            "function_name": "house-finder-send-notifications",
            "function_url_auth_type": null,
            "id": "AllowExecutionFromEventBridge",
            "principal": "events.amazonaws.com",
            "principal_org_id": null,
            "qualifier": "",
            "source_account": null,
            "source_arn": "arn:aws:events:us-east-1:339712933874:rule/house-finder-crawling",
            "statement_id": "AllowExecutionFromEventBridge",
            "statement_id_prefix": ""
          },
          "sensitive_attributes": [],
          "private": "bnVsbA==",
          "dependencies": [
            "aws_cloudwatch_event_rule.crawling_schedule",
            "aws_dynamodb_table.user_filter_matches",
            "aws_dynamodb_table.user_filters",
            "aws_iam_role.lambda_role",
            "aws_lambda_function.send_notifications",
            "aws_sns_topic.house_notifications"
          ]
        }
      ]
    },
    {
      "mode": "managed",
      "type": "aws_lambda_permission",
      "name": "delete_filter_permission",
      "provider": "provider[\"registry.terraform.io/hashicorp/aws\"]",
      "instances": [
        {
          "schema_version": 0,
          "attributes": {
            "action": "lambda:InvokeFunction",
            "event_source_token": null,
            "function_name": "house-finder-delete-filter",
            "function_url_auth_type": null,
            "id": "AllowExecutionFromAPIGateway",
            "principal": "apigateway.amazonaws.com",
            "principal_org_id": null,
            "qualifier": "",
            "source_account": null,
            "source_arn": "arn:aws:execute-api:us-east-1:339712933874:8pm5j6aiuc/*/*",
            "statement_id": "AllowExecutionFromAPIGateway",
            "statement_id_prefix": ""
          },
          "sensitive_attributes": [],
          "private": "bnVsbA==",
          "dependencies": [
            "aws_api_gateway_rest_api.house_finder_api",
            "aws_dynamodb_table.user_filters",
            "aws_iam_role.lambda_role",
            "aws_lambda_function.delete_filter"
          ]
        }
      ]
    },
    {
      "mode": "managed",
      "type": "aws_lambda_permission",
      "name": "get_filters_permission",
      "provider": "provider[\"registry.terraform.io/hashicorp/aws\"]",
      "instances": [
        {
          "schema_version": 0,
          "attributes": {
            "action": "lambda:InvokeFunction",
            "event_source_token": null,
            "function_name": "house-finder-get-filters",
            "function_url_auth_type": null,
            "id": "AllowExecutionFromAPIGateway",
            "principal": "apigateway.amazonaws.com",
            "principal_org_id": null,
            "qualifier": "",
            "source_account": null,
            "source_arn": "arn:aws:execute-api:us-east-1:339712933874:8pm5j6aiuc/*/*",
            "statement_id": "AllowExecutionFromAPIGateway",
            "statement_id_prefix": ""
          },
          "sensitive_attributes": [],
          "private": "bnVsbA==",
          "dependencies": [
            "aws_api_gateway_rest_api.house_finder_api",
            "aws_dynamodb_table.user_filters",
            "aws_iam_role.lambda_role",
            "aws_lambda_function.get_filters"
          ]
        }
      ]
    },
    {
      "mode": "managed",
      "type": "aws_lambda_permission",
      "name": "get_history_permission",
      "provider": "provider[\"registry.terraform.io/hashicorp/aws\"]",
      "instances": [
        {
          "schema_version": 0,
          "attributes": {
            "action": "lambda:InvokeFunction",
            "event_source_token": null,
            "function_name": "house-finder-get-history",
            "function_url_auth_type": null,
            "id": "AllowExecutionFromAPIGateway",
            "principal": "apigateway.amazonaws.com",
            "principal_org_id": null,
            "qualifier": "",
            "source_account": null,
            "source_arn": "arn:aws:execute-api:us-east-1:339712933874:8pm5j6aiuc/*/*",
            "statement_id": "AllowExecutionFromAPIGateway",
            "statement_id_prefix": ""
          },
          "sensitive_attributes": [],
          "private": "bnVsbA==",
          "dependencies": [
            "aws_api_gateway_rest_api.house_finder_api",
            "aws_dynamodb_table.properties",
            "aws_dynamodb_table.user_filters",
            "aws_iam_role.lambda_role",
            "aws_lambda_function.get_history"
          ]
        }
      ]
    },
    {
      "mode": "managed",
      "type": "aws_lambda_permission",
      "name": "get_matches_permission",
      "provider": "provider[\"registry.terraform.io/hashicorp/aws\"]",
      "instances": [
        {
          "schema_version": 0,
          "attributes": {
            "action": "lambda:InvokeFunction",
            "event_source_token": null,
            "function_name": "house-finder-get-matches",
            "function_url_auth_type": null,
            "id": "AllowExecutionFromAPIGateway",
            "principal": "apigateway.amazonaws.com",
            "principal_org_id": null,
            "qualifier": "",
            "source_account": null,
            "source_arn": "arn:aws:execute-api:us-east-1:339712933874:8pm5j6aiuc/*/*",
            "statement_id": "AllowExecutionFromAPIGateway",
            "statement_id_prefix": ""
          },
          "sensitive_attributes": [],
          "private": "bnVsbA==",
          "dependencies": [
            "aws_api_gateway_rest_api.house_finder_api",
            "aws_dynamodb_table.properties",
            "aws_dynamodb_table.user_filter_matches",
            "aws_dynamodb_table.user_filters",
            "aws_iam_role.lambda_role",
            "aws_lambda_function.get_matches"
          ]
        }
      ]
    },
    {
      "mode": "managed",
      "type": "aws_lambda_permission",
      "name": "parse_natural_filter_permission",
      "provider": "provider[\"registry.terraform.io/hashicorp/aws\"]",
      "instances": [
        {
          "schema_version": 0,
          "attributes": {
            "action": "lambda:InvokeFunction",
            "event_source_token": null,
            "function_name": "house-finder-parse-natural-filter",
            "function_url_auth_type": null,
            "id": "AllowExecutionFromAPIGateway",
            "principal": "apigateway.amazonaws.com",
            "principal_org_id": null,
            "qualifier": "",
            "source_account": null,
            "source_arn": "arn:aws:execute-api:us-east-1:339712933874:8pm5j6aiuc/*/*",
            "statement_id": "AllowExecutionFromAPIGateway",
            "statement_id_prefix": ""
          },
          "sensitive_attributes": [],
          "private": "bnVsbA==",
          "dependencies": [
            "aws_api_gateway_rest_api.house_finder_api",
            "aws_iam_role.lambda_role",
            "aws_lambda_function.parse_natural_filter",
            "aws_s3_bucket.temp_audio_bucket",
            "random_string.bucket_suffix"
          ]
        }
      ]
    },
    {
      "mode": "managed",
      "type": "aws_lambda_permission",
      "name": "register_filter_permission",
      "provider": "provider[\"registry.terraform.io/hashicorp/aws\"]",
      "instances": [
        {
          "schema_version": 0,
          "attributes": {
            "action": "lambda:InvokeFunction",
            "event_source_token": null,
            "function_name": "house-finder-register-filter",
            "function_url_auth_type": null,
            "id": "AllowExecutionFromAPIGateway",
            "principal": "apigateway.amazonaws.com",
            "principal_org_id": null,
            "qualifier": "",
            "source_account": null,
            "source_arn": "arn:aws:execute-api:us-east-1:339712933874:8pm5j6aiuc/*/*",
            "statement_id": "AllowExecutionFromAPIGateway",
            "statement_id_prefix": ""
          },
          "sensitive_attributes": [],
          "private": "bnVsbA==",
          "dependencies": [
            "aws_api_gateway_rest_api.house_finder_api",
            "aws_dynamodb_table.user_filters",
            "aws_iam_role.lambda_role",
            "aws_lambda_function.register_filter"
          ]
        }
      ]
    },
    {
      "mode": "managed",
      "type": "aws_s3_bucket",
      "name": "temp_audio_bucket",
      "provider": "provider[\"registry.terraform.io/hashicorp/aws\"]",
      "instances": [
        {
          "schema_version": 0,
          "attributes": {
            "acceleration_status": "",
            "acl": null,
            "arn": "arn:aws:s3:::house-finder-temp-audio-aj598dyh",
            "bucket": "house-finder-temp-audio-aj598dyh",
            "bucket_domain_name": "house-finder-temp-audio-aj598dyh.s3.amazonaws.com",
            "bucket_prefix": "",
            "bucket_regional_domain_name": "house-finder-temp-audio-aj598dyh.s3.us-east-1.amazonaws.com",
            "cors_rule": [],
            "force_destroy": false,
            "grant": [
              {
                "id": "262f7dded73ec61709c38da38888d00ab3902fd05a103261e78303d4bc3c0e08",
                "permissions": [
                  "FULL_CONTROL"
                ],
                "type": "CanonicalUser",
                "uri": ""
              }
            ],
            "hosted_zone_id": "Z3AQBSTGFYJSTF",
            "id": "house-finder-temp-audio-aj598dyh",
            "lifecycle_rule": [
              {
                "abort_incomplete_multipart_upload_days": 0,
                "enabled": true,
                "expiration": [
                  {
                    "date": "",
                    "days": 1,
                    "expired_object_delete_marker": false
                  }
                ],
                "id": "delete_temp_files",
                "noncurrent_version_expiration": [],
                "noncurrent_version_transition": [],
                "prefix": "",
                "tags": {},
                "transition": []
              }
            ],
            "logging": [],
            "object_lock_configuration": [],
            "object_lock_enabled": false,
            "policy": "",
            "region": "us-east-1",
            "replication_configuration": [],
            "request_payer": "BucketOwner",
            "server_side_encryption_configuration": [
              {
                "rule": [
                  {
                    "apply_server_side_encryption_by_default": [
                      {
                        "kms_master_key_id": "",
                        "sse_algorithm": "AES256"
                      }
                    ],
                    "bucket_key_enabled": false
                  }
                ]
              }
            ],
            "tags": {},
            "tags_all": {},
            "timeouts": null,
            "versioning": [
              {
                "enabled": false,
                "mfa_delete": false
              }
            ],
            "website": [],
            "website_domain": null,
            "website_endpoint": null
          },
          "sensitive_attributes": [],
          "private": "eyJlMmJmYjczMC1lY2FhLTExZTYtOGY4OC0zNDM2M2JjN2M0YzAiOnsiY3JlYXRlIjoxMjAwMDAwMDAwMDAwLCJkZWxldGUiOjM2MDAwMDAwMDAwMDAsInJlYWQiOjEyMDAwMDAwMDAwMDAsInVwZGF0ZSI6MTIwMDAwMDAwMDAwMH19",
          "dependencies": [
            "random_string.bucket_suffix"
          ],
          "create_before_destroy": true
        }
      ]
    },
    {
      "mode": "managed",
      "type": "aws_s3_bucket_lifecycle_configuration",
      "name": "temp_audio_lifecycle",
      "provider": "provider[\"registry.terraform.io/hashicorp/aws\"]",
      "instances": [
        {
          "schema_version": 1,
          "attributes": {
            "bucket": "house-finder-temp-audio-aj598dyh",
            "expected_bucket_owner": "",
            "id": "house-finder-temp-audio-aj598dyh",
            "rule": [
              {
                "abort_incomplete_multipart_upload": [],
                "expiration": [
                  {
                    "date": null,
                    "days": 1,
                    "expired_object_delete_marker": false
                  }
                ],
                "filter": [],
                "id": "delete_temp_files",
                "noncurrent_version_expiration": [],
                "noncurrent_version_transition": [],
                "prefix": "",
                "status": "Enabled",
                "transition": []
              }
            ],
            "timeouts": null,
            "transition_default_minimum_object_size": "all_storage_classes_128K"
          },
          "sensitive_attributes": [],
          "dependencies": [
            "aws_s3_bucket.temp_audio_bucket",
            "random_string.bucket_suffix"
          ]
        }
      ]
    },
    {
      "mode": "managed",
      "type": "aws_sns_topic",
      "name": "house_notifications",
      "provider": "provider[\"registry.terraform.io/hashicorp/aws\"]",
      "instances": [
        {
          "schema_version": 0,
          "attributes": {
            "application_failure_feedback_role_arn": "",
            "application_success_feedback_role_arn": "",
            "application_success_feedback_sample_rate": 0,
            "archive_policy": "",
            "arn": "arn:aws:sns:us-east-1:339712933874:house-notifications",
            "beginning_archive_time": "",
            "content_based_deduplication": false,
            "delivery_policy": "",
            "display_name": "",
            "fifo_throughput_scope": "",
            "fifo_topic": false,
            "firehose_failure_feedback_role_arn": "",
            "firehose_success_feedback_role_arn": "",
            "firehose_success_feedback_sample_rate": 0,
            "http_failure_feedback_role_arn": "",
            "http_success_feedback_role_arn": "",
            "http_success_feedback_sample_rate": 0,
            "id": "arn:aws:sns:us-east-1:339712933874:house-notifications",
            "kms_master_key_id": "",
            "lambda_failure_feedback_role_arn": "",
            "lambda_success_feedback_role_arn": "",
            "lambda_success_feedback_sample_rate": 0,
            "name": "house-notifications",
            "name_prefix": "",
            "owner": "339712933874",
            "policy": "{\"Id\":\"__default_policy_ID\",\"Statement\":[{\"Action\":[\"SNS:GetTopicAttributes\",\"SNS:SetTopicAttributes\",\"SNS:AddPermission\",\"SNS:RemovePermission\",\"SNS:DeleteTopic\",\"SNS:Subscribe\",\"SNS:ListSubscriptionsByTopic\",\"SNS:Publish\"],\"Condition\":{\"StringEquals\":{\"AWS:SourceOwner\":\"339712933874\"}},\"Effect\":\"Allow\",\"Principal\":{\"AWS\":\"*\"},\"Resource\":\"arn:aws:sns:us-east-1:339712933874:house-notifications\",\"Sid\":\"__default_statement_ID\"}],\"Version\":\"2008-10-17\"}",
            "signature_version": 0,
            "sqs_failure_feedback_role_arn": "",
            "sqs_success_feedback_role_arn": "",
            "sqs_success_feedback_sample_rate": 0,
            "tags": {},
            "tags_all": {},
            "tracing_config": ""
          },
          "sensitive_attributes": [],
          "private": "bnVsbA=="
        }
      ]
    },
    {
      "mode": "managed",
      "type": "random_string",
      "name": "bucket_suffix",
      "provider": "provider[\"registry.terraform.io/hashicorp/random\"]",
      "instances": [
        {
          "schema_version": 2,
          "attributes": {
            "id": "aj598dyh",
            "keepers": null,
            "length": 8,
            "lower": true,
            "min_lower": 0,
            "min_numeric": 0,
            "min_special": 0,
            "min_upper": 0,
            "number": true,
            "numeric": true,
            "override_special": null,
            "result": "aj598dyh",
            "special": false,
            "upper": false
          },
          "sensitive_attributes": [],
          "create_before_destroy": true
        }
      ]
    }
  ],
  "check_results": null
}
